
Microsoft Visual Studio Solution File, Format Version 12.00
# Visual Studio Version 17
VisualStudioVersion = 17.1.32319.34
MinimumVisualStudioVersion = 10.0.40219.1
Project("{FAE04EC0-301F-11D3-BF4B-00C04F79EFBC}") = "Rubberduck.Main", "Client\Rubberduck.Main\Rubberduck.Main.csproj", "{EA66AB03-FEDA-4148-964D-797603F3A6C7}"
EndProject
Project("{FAE04EC0-301F-11D3-BF4B-00C04F79EFBC}") = "Rubberduck.VBEditor", "Client\Rubberduck.VBEditor\Rubberduck.VBEditor.csproj", "{030FDE59-C347-4B81-AB80-5B4B80B757A0}"
EndProject
Project("{FAE04EC0-301F-11D3-BF4B-00C04F79EFBC}") = "Rubberduck.VBEditor.VBA", "Client\Rubberduck.VBEditor.VBA\Rubberduck.VBEditor.VBA.csproj", "{4CCD023C-A503-4BC7-9E9A-A509B4A16D41}"
EndProject
Project("{FAE04EC0-301F-11D3-BF4B-00C04F79EFBC}") = "Rubberduck.VBEditor.VB6", "Client\Rubberduck.VBEditor.VB6\Rubberduck.VBEditor.VB6.csproj", "{F4B320F8-391D-4580-9AEF-C70D9AEA04D5}"
EndProject
Project("{FAE04EC0-301F-11D3-BF4B-00C04F79EFBC}") = "Rubberduck.InternalApi", "Shared\Rubberduck.InternalApi\Rubberduck.InternalApi.csproj", "{5E2588A5-2EF2-4267-952D-53AEC8F5F173}"
EndProject
Project("{FAE04EC0-301F-11D3-BF4B-00C04F79EFBC}") = "Rubberduck.Resources", "Shared\Rubberduck.Resources\Rubberduck.Resources.csproj", "{ED65BAAD-743D-4144-AEE2-8D956E6DA599}"
EndProject
Project("{2150E333-8FDC-42A3-9474-1A3956D46DE8}") = "SolutionItems", "SolutionItems", "{29672418-530B-44AF-B95E-76EA20E96F44}"
	ProjectSection(SolutionItems) = preProject
		LICENSE.txt = LICENSE.txt
		README.md = README.md
	EndProjectSection
EndProject
Project("{FAE04EC0-301F-11D3-BF4B-00C04F79EFBC}") = "Rubberduck.SettingsProvider", "Shared\Rubberduck.SettingsProvider\Rubberduck.SettingsProvider.csproj", "{E794CFC3-3D9F-400F-88D9-69E929D8E8AF}"
EndProject
Project("{FAE04EC0-301F-11D3-BF4B-00C04F79EFBC}") = "Rubberduck.Core", "Client\Rubberduck.Core\Rubberduck.Core.csproj", "{7B04E66C-DD08-437F-8D43-EDDAC732DC53}"
EndProject
Project("{FAE04EC0-301F-11D3-BF4B-00C04F79EFBC}") = "Rubberduck.UI", "Shared\Rubberduck.UI\Rubberduck.UI.csproj", "{FC5ECD51-175B-42D6-B46C-130B57AA1EBC}"
EndProject
Project("{FAE04EC0-301F-11D3-BF4B-00C04F79EFBC}") = "Rubberduck.Interaction", "Shared\Rubberduck.Interaction\Rubberduck.Interaction.csproj", "{3EE4CCB7-42FC-49D2-8221-88A2FEF2F762}"
EndProject
Project("{FAE04EC0-301F-11D3-BF4B-00C04F79EFBC}") = "Rubberduck.UI.Xaml", "Client\Rubberduck.UI.Xaml\Rubberduck.UI.Xaml.csproj", "{1192FA78-B73F-46BC-B98C-FD887A062A2C}"
EndProject
Project("{FAE04EC0-301F-11D3-BF4B-00C04F79EFBC}") = "Rubberduck.UI.WinForms", "Client\Rubberduck.UI.WinForms\Rubberduck.UI.WinForms.csproj", "{A1F54935-FE6D-4013-B618-5251DE4466CF}"
EndProject
Project("{9A19103F-16F7-4668-BE54-9A1E7A4F7556}") = "Rubberduck.Tests", "Tests\Rubberduck.Tests\Rubberduck.Tests.csproj", "{561B2738-7BFE-4974-B1CE-E5D910C770B3}"
EndProject
Project("{FAE04EC0-301F-11D3-BF4B-00C04F79EFBC}") = "Rubberduck.Parsing", "Server\LSP\Rubberduck\Rubberduck.Parsing\Rubberduck.Parsing.csproj", "{86502725-A9D2-47A8-B26A-5E7BC8A85D47}"
EndProject
Project("{FAE04EC0-301F-11D3-BF4B-00C04F79EFBC}") = "Rubberduck.CodeAnalysis", "Server\LSP\Rubberduck\Rubberduck.CodeAnalysis\Rubberduck.CodeAnalysis.csproj", "{0D1048CF-6FBF-40D7-A38B-DB4D358EB11A}"
EndProject
Project("{FAE04EC0-301F-11D3-BF4B-00C04F79EFBC}") = "Rubberduck.Server.LSP", "Server\LSP\Rubberduck.Server.LSP\Rubberduck.Server.LSP.csproj", "{E87CC6DE-5C4F-4F90-B9DC-45D1D954FE82}"
EndProject
Project("{FAE04EC0-301F-11D3-BF4B-00C04F79EFBC}") = "Rubberduck.Client.LSP", "Client\Rubberduck.Client\Rubberduck.Client.csproj", "{F44DB5B3-6E55-4680-A22D-902A76D75C2D}"
EndProject
Project("{FAE04EC0-301F-11D3-BF4B-00C04F79EFBC}") = "Rubberduck.RPC", "Shared\Rubberduck.RPC\Rubberduck.RPC.csproj", "{8D218701-AF68-4013-B9C0-108C1D162E11}"
EndProject
Project("{FAE04EC0-301F-11D3-BF4B-00C04F79EFBC}") = "Rubberduck.Server.LocalDb", "Server\LocalDb\Rubberduck.Server.LocalDb\Rubberduck.Server.LocalDb.csproj", "{87228D3B-2801-4025-AFA2-BB6EE6A7F849}"
EndProject
Project("{2150E333-8FDC-42A3-9474-1A3956D46DE8}") = "Client", "Client", "{C3F2A120-EFE1-4BF4-A4AE-EAF6882F8521}"
EndProject
Project("{2150E333-8FDC-42A3-9474-1A3956D46DE8}") = "Server", "Server", "{3CD71E77-0A37-4ACB-8651-2F874EA29AE2}"
EndProject
Project("{2150E333-8FDC-42A3-9474-1A3956D46DE8}") = "Shared", "Shared", "{7522C02F-05D8-474B-B27D-CA5185FF717E}"
EndProject
Project("{2150E333-8FDC-42A3-9474-1A3956D46DE8}") = "LSP", "LSP", "{125FBFDC-096B-4994-BB19-3DB7C87D320D}"
EndProject
Project("{2150E333-8FDC-42A3-9474-1A3956D46DE8}") = "LocalDb", "LocalDb", "{7064868F-67EB-4777-A08E-7C43FF5828E9}"
	ProjectSection(SolutionItems) = preProject
		Rubberduck.Data\RubberduckLocalDB.db = Rubberduck.Data\RubberduckLocalDB.db
	EndProjectSection
EndProject
Project("{2150E333-8FDC-42A3-9474-1A3956D46DE8}") = "Scripts", "Scripts", "{41000D34-5491-49DB-A8F9-F7C7AA695470}"
	ProjectSection(SolutionItems) = preProject
		Rubberduck.Data\CreateSchema.sql = Rubberduck.Data\CreateSchema.sql
	EndProjectSection
EndProject
Project("{2150E333-8FDC-42A3-9474-1A3956D46DE8}") = "Rubberduck", "Rubberduck", "{27789F3B-130A-42C6-914A-0DEB65A02F7B}"
EndProject
Project("{2150E333-8FDC-42A3-9474-1A3956D46DE8}") = "Services", "Services", "{6D806E1C-B832-4FB3-BE97-E061CF7F7A34}"
EndProject
Project("{2150E333-8FDC-42A3-9474-1A3956D46DE8}") = "Updater", "Updater", "{2179022F-A974-4F68-8EA5-406C8B7DDB8B}"
EndProject
Project("{FAE04EC0-301F-11D3-BF4B-00C04F79EFBC}") = "Rubberduck.Updater", "Server\Updater\Rubberduck.Updater\Rubberduck.Updater.csproj", "{0C0F4847-2286-4B23-A862-DD564FE72D2A}"
EndProject
Project("{FAE04EC0-301F-11D3-BF4B-00C04F79EFBC}") = "Rubberduck.Server.Telemetry", "Server\Telemetry\Rubberduck.Telemetry\Rubberduck.Server.Telemetry.csproj", "{B8425C03-FC4A-4D2A-B1E4-404836463148}"
EndProject
Project("{2150E333-8FDC-42A3-9474-1A3956D46DE8}") = "Telemetry", "Telemetry", "{9DF5E94E-6F5F-4808-8DA3-698A34EFD021}"
EndProject
Global
	GlobalSection(SolutionConfigurationPlatforms) = preSolution
		Debug|Any CPU = Debug|Any CPU
		Debug|x64 = Debug|x64
		Debug|x86 = Debug|x86
		Release|Any CPU = Release|Any CPU
		Release|x64 = Release|x64
		Release|x86 = Release|x86
	EndGlobalSection
	GlobalSection(ProjectConfigurationPlatforms) = postSolution
		{EA66AB03-FEDA-4148-964D-797603F3A6C7}.Debug|Any CPU.ActiveCfg = Debug|Any CPU
		{EA66AB03-FEDA-4148-964D-797603F3A6C7}.Debug|Any CPU.Build.0 = Debug|Any CPU
		{EA66AB03-FEDA-4148-964D-797603F3A6C7}.Debug|x64.ActiveCfg = Debug|x64
		{EA66AB03-FEDA-4148-964D-797603F3A6C7}.Debug|x64.Build.0 = Debug|x64
		{EA66AB03-FEDA-4148-964D-797603F3A6C7}.Debug|x86.ActiveCfg = Debug|x86
		{EA66AB03-FEDA-4148-964D-797603F3A6C7}.Debug|x86.Build.0 = Debug|x86
		{EA66AB03-FEDA-4148-964D-797603F3A6C7}.Release|Any CPU.ActiveCfg = Release|Any CPU
		{EA66AB03-FEDA-4148-964D-797603F3A6C7}.Release|Any CPU.Build.0 = Release|Any CPU
		{EA66AB03-FEDA-4148-964D-797603F3A6C7}.Release|x64.ActiveCfg = Release|x64
		{EA66AB03-FEDA-4148-964D-797603F3A6C7}.Release|x64.Build.0 = Release|x64
		{EA66AB03-FEDA-4148-964D-797603F3A6C7}.Release|x86.ActiveCfg = Release|x86
		{EA66AB03-FEDA-4148-964D-797603F3A6C7}.Release|x86.Build.0 = Release|x86
		{030FDE59-C347-4B81-AB80-5B4B80B757A0}.Debug|Any CPU.ActiveCfg = Debug|Any CPU
		{030FDE59-C347-4B81-AB80-5B4B80B757A0}.Debug|Any CPU.Build.0 = Debug|Any CPU
		{030FDE59-C347-4B81-AB80-5B4B80B757A0}.Debug|x64.ActiveCfg = Debug|x64
		{030FDE59-C347-4B81-AB80-5B4B80B757A0}.Debug|x64.Build.0 = Debug|x64
		{030FDE59-C347-4B81-AB80-5B4B80B757A0}.Debug|x86.ActiveCfg = Debug|x86
		{030FDE59-C347-4B81-AB80-5B4B80B757A0}.Debug|x86.Build.0 = Debug|x86
		{030FDE59-C347-4B81-AB80-5B4B80B757A0}.Release|Any CPU.ActiveCfg = Release|Any CPU
		{030FDE59-C347-4B81-AB80-5B4B80B757A0}.Release|Any CPU.Build.0 = Release|Any CPU
		{030FDE59-C347-4B81-AB80-5B4B80B757A0}.Release|x64.ActiveCfg = Release|x64
		{030FDE59-C347-4B81-AB80-5B4B80B757A0}.Release|x64.Build.0 = Release|x64
		{030FDE59-C347-4B81-AB80-5B4B80B757A0}.Release|x86.ActiveCfg = Release|x86
		{030FDE59-C347-4B81-AB80-5B4B80B757A0}.Release|x86.Build.0 = Release|x86
		{4CCD023C-A503-4BC7-9E9A-A509B4A16D41}.Debug|Any CPU.ActiveCfg = Debug|Any CPU
		{4CCD023C-A503-4BC7-9E9A-A509B4A16D41}.Debug|Any CPU.Build.0 = Debug|Any CPU
		{4CCD023C-A503-4BC7-9E9A-A509B4A16D41}.Debug|x64.ActiveCfg = Debug|x64
		{4CCD023C-A503-4BC7-9E9A-A509B4A16D41}.Debug|x64.Build.0 = Debug|x64
		{4CCD023C-A503-4BC7-9E9A-A509B4A16D41}.Debug|x86.ActiveCfg = Debug|x86
		{4CCD023C-A503-4BC7-9E9A-A509B4A16D41}.Debug|x86.Build.0 = Debug|x86
		{4CCD023C-A503-4BC7-9E9A-A509B4A16D41}.Release|Any CPU.ActiveCfg = Release|Any CPU
		{4CCD023C-A503-4BC7-9E9A-A509B4A16D41}.Release|Any CPU.Build.0 = Release|Any CPU
		{4CCD023C-A503-4BC7-9E9A-A509B4A16D41}.Release|x64.ActiveCfg = Release|x64
		{4CCD023C-A503-4BC7-9E9A-A509B4A16D41}.Release|x64.Build.0 = Release|x64
		{4CCD023C-A503-4BC7-9E9A-A509B4A16D41}.Release|x86.ActiveCfg = Release|x86
		{4CCD023C-A503-4BC7-9E9A-A509B4A16D41}.Release|x86.Build.0 = Release|x86
		{F4B320F8-391D-4580-9AEF-C70D9AEA04D5}.Debug|Any CPU.ActiveCfg = Debug|Any CPU
		{F4B320F8-391D-4580-9AEF-C70D9AEA04D5}.Debug|Any CPU.Build.0 = Debug|Any CPU
		{F4B320F8-391D-4580-9AEF-C70D9AEA04D5}.Debug|x64.ActiveCfg = Debug|x64
		{F4B320F8-391D-4580-9AEF-C70D9AEA04D5}.Debug|x64.Build.0 = Debug|x64
		{F4B320F8-391D-4580-9AEF-C70D9AEA04D5}.Debug|x86.ActiveCfg = Debug|x86
		{F4B320F8-391D-4580-9AEF-C70D9AEA04D5}.Debug|x86.Build.0 = Debug|x86
		{F4B320F8-391D-4580-9AEF-C70D9AEA04D5}.Release|Any CPU.ActiveCfg = Release|Any CPU
		{F4B320F8-391D-4580-9AEF-C70D9AEA04D5}.Release|Any CPU.Build.0 = Release|Any CPU
		{F4B320F8-391D-4580-9AEF-C70D9AEA04D5}.Release|x64.ActiveCfg = Release|x64
		{F4B320F8-391D-4580-9AEF-C70D9AEA04D5}.Release|x64.Build.0 = Release|x64
		{F4B320F8-391D-4580-9AEF-C70D9AEA04D5}.Release|x86.ActiveCfg = Release|x86
		{F4B320F8-391D-4580-9AEF-C70D9AEA04D5}.Release|x86.Build.0 = Release|x86
		{5E2588A5-2EF2-4267-952D-53AEC8F5F173}.Debug|Any CPU.ActiveCfg = Debug|Any CPU
		{5E2588A5-2EF2-4267-952D-53AEC8F5F173}.Debug|Any CPU.Build.0 = Debug|Any CPU
		{5E2588A5-2EF2-4267-952D-53AEC8F5F173}.Debug|x64.ActiveCfg = Debug|x64
		{5E2588A5-2EF2-4267-952D-53AEC8F5F173}.Debug|x64.Build.0 = Debug|x64
		{5E2588A5-2EF2-4267-952D-53AEC8F5F173}.Debug|x86.ActiveCfg = Debug|x86
		{5E2588A5-2EF2-4267-952D-53AEC8F5F173}.Debug|x86.Build.0 = Debug|x86
		{5E2588A5-2EF2-4267-952D-53AEC8F5F173}.Release|Any CPU.ActiveCfg = Release|Any CPU
		{5E2588A5-2EF2-4267-952D-53AEC8F5F173}.Release|Any CPU.Build.0 = Release|Any CPU
		{5E2588A5-2EF2-4267-952D-53AEC8F5F173}.Release|x64.ActiveCfg = Release|x64
		{5E2588A5-2EF2-4267-952D-53AEC8F5F173}.Release|x64.Build.0 = Release|x64
		{5E2588A5-2EF2-4267-952D-53AEC8F5F173}.Release|x86.ActiveCfg = Release|x86
		{5E2588A5-2EF2-4267-952D-53AEC8F5F173}.Release|x86.Build.0 = Release|x86
		{ED65BAAD-743D-4144-AEE2-8D956E6DA599}.Debug|Any CPU.ActiveCfg = Debug|Any CPU
		{ED65BAAD-743D-4144-AEE2-8D956E6DA599}.Debug|Any CPU.Build.0 = Debug|Any CPU
		{ED65BAAD-743D-4144-AEE2-8D956E6DA599}.Debug|x64.ActiveCfg = Debug|x64
		{ED65BAAD-743D-4144-AEE2-8D956E6DA599}.Debug|x64.Build.0 = Debug|x64
		{ED65BAAD-743D-4144-AEE2-8D956E6DA599}.Debug|x86.ActiveCfg = Debug|x86
		{ED65BAAD-743D-4144-AEE2-8D956E6DA599}.Debug|x86.Build.0 = Debug|x86
		{ED65BAAD-743D-4144-AEE2-8D956E6DA599}.Release|Any CPU.ActiveCfg = Release|Any CPU
		{ED65BAAD-743D-4144-AEE2-8D956E6DA599}.Release|Any CPU.Build.0 = Release|Any CPU
		{ED65BAAD-743D-4144-AEE2-8D956E6DA599}.Release|x64.ActiveCfg = Release|x64
		{ED65BAAD-743D-4144-AEE2-8D956E6DA599}.Release|x64.Build.0 = Release|x64
		{ED65BAAD-743D-4144-AEE2-8D956E6DA599}.Release|x86.ActiveCfg = Release|x86
		{ED65BAAD-743D-4144-AEE2-8D956E6DA599}.Release|x86.Build.0 = Release|x86
		{E794CFC3-3D9F-400F-88D9-69E929D8E8AF}.Debug|Any CPU.ActiveCfg = Debug|Any CPU
		{E794CFC3-3D9F-400F-88D9-69E929D8E8AF}.Debug|Any CPU.Build.0 = Debug|Any CPU
		{E794CFC3-3D9F-400F-88D9-69E929D8E8AF}.Debug|x64.ActiveCfg = Debug|x64
		{E794CFC3-3D9F-400F-88D9-69E929D8E8AF}.Debug|x64.Build.0 = Debug|x64
		{E794CFC3-3D9F-400F-88D9-69E929D8E8AF}.Debug|x86.ActiveCfg = Debug|x86
		{E794CFC3-3D9F-400F-88D9-69E929D8E8AF}.Debug|x86.Build.0 = Debug|x86
		{E794CFC3-3D9F-400F-88D9-69E929D8E8AF}.Release|Any CPU.ActiveCfg = Release|Any CPU
		{E794CFC3-3D9F-400F-88D9-69E929D8E8AF}.Release|Any CPU.Build.0 = Release|Any CPU
		{E794CFC3-3D9F-400F-88D9-69E929D8E8AF}.Release|x64.ActiveCfg = Release|x64
		{E794CFC3-3D9F-400F-88D9-69E929D8E8AF}.Release|x64.Build.0 = Release|x64
		{E794CFC3-3D9F-400F-88D9-69E929D8E8AF}.Release|x86.ActiveCfg = Release|x86
		{E794CFC3-3D9F-400F-88D9-69E929D8E8AF}.Release|x86.Build.0 = Release|x86
		{7B04E66C-DD08-437F-8D43-EDDAC732DC53}.Debug|Any CPU.ActiveCfg = Debug|Any CPU
		{7B04E66C-DD08-437F-8D43-EDDAC732DC53}.Debug|Any CPU.Build.0 = Debug|Any CPU
		{7B04E66C-DD08-437F-8D43-EDDAC732DC53}.Debug|x64.ActiveCfg = Debug|x64
		{7B04E66C-DD08-437F-8D43-EDDAC732DC53}.Debug|x64.Build.0 = Debug|x64
		{7B04E66C-DD08-437F-8D43-EDDAC732DC53}.Debug|x86.ActiveCfg = Debug|x86
		{7B04E66C-DD08-437F-8D43-EDDAC732DC53}.Debug|x86.Build.0 = Debug|x86
		{7B04E66C-DD08-437F-8D43-EDDAC732DC53}.Release|Any CPU.ActiveCfg = Release|Any CPU
		{7B04E66C-DD08-437F-8D43-EDDAC732DC53}.Release|Any CPU.Build.0 = Release|Any CPU
		{7B04E66C-DD08-437F-8D43-EDDAC732DC53}.Release|x64.ActiveCfg = Release|x64
		{7B04E66C-DD08-437F-8D43-EDDAC732DC53}.Release|x64.Build.0 = Release|x64
		{7B04E66C-DD08-437F-8D43-EDDAC732DC53}.Release|x86.ActiveCfg = Release|x86
		{7B04E66C-DD08-437F-8D43-EDDAC732DC53}.Release|x86.Build.0 = Release|x86
		{FC5ECD51-175B-42D6-B46C-130B57AA1EBC}.Debug|Any CPU.ActiveCfg = Debug|Any CPU
		{FC5ECD51-175B-42D6-B46C-130B57AA1EBC}.Debug|Any CPU.Build.0 = Debug|Any CPU
		{FC5ECD51-175B-42D6-B46C-130B57AA1EBC}.Debug|x64.ActiveCfg = Debug|x64
		{FC5ECD51-175B-42D6-B46C-130B57AA1EBC}.Debug|x64.Build.0 = Debug|x64
		{FC5ECD51-175B-42D6-B46C-130B57AA1EBC}.Debug|x86.ActiveCfg = Debug|x86
		{FC5ECD51-175B-42D6-B46C-130B57AA1EBC}.Debug|x86.Build.0 = Debug|x86
		{FC5ECD51-175B-42D6-B46C-130B57AA1EBC}.Release|Any CPU.ActiveCfg = Release|Any CPU
		{FC5ECD51-175B-42D6-B46C-130B57AA1EBC}.Release|Any CPU.Build.0 = Release|Any CPU
		{FC5ECD51-175B-42D6-B46C-130B57AA1EBC}.Release|x64.ActiveCfg = Release|x64
		{FC5ECD51-175B-42D6-B46C-130B57AA1EBC}.Release|x64.Build.0 = Release|x64
		{FC5ECD51-175B-42D6-B46C-130B57AA1EBC}.Release|x86.ActiveCfg = Release|x86
		{FC5ECD51-175B-42D6-B46C-130B57AA1EBC}.Release|x86.Build.0 = Release|x86
		{3EE4CCB7-42FC-49D2-8221-88A2FEF2F762}.Debug|Any CPU.ActiveCfg = Debug|Any CPU
		{3EE4CCB7-42FC-49D2-8221-88A2FEF2F762}.Debug|Any CPU.Build.0 = Debug|Any CPU
		{3EE4CCB7-42FC-49D2-8221-88A2FEF2F762}.Debug|x64.ActiveCfg = Debug|x64
		{3EE4CCB7-42FC-49D2-8221-88A2FEF2F762}.Debug|x64.Build.0 = Debug|x64
		{3EE4CCB7-42FC-49D2-8221-88A2FEF2F762}.Debug|x86.ActiveCfg = Debug|x86
		{3EE4CCB7-42FC-49D2-8221-88A2FEF2F762}.Debug|x86.Build.0 = Debug|x86
		{3EE4CCB7-42FC-49D2-8221-88A2FEF2F762}.Release|Any CPU.ActiveCfg = Release|Any CPU
		{3EE4CCB7-42FC-49D2-8221-88A2FEF2F762}.Release|Any CPU.Build.0 = Release|Any CPU
		{3EE4CCB7-42FC-49D2-8221-88A2FEF2F762}.Release|x64.ActiveCfg = Release|x64
		{3EE4CCB7-42FC-49D2-8221-88A2FEF2F762}.Release|x64.Build.0 = Release|x64
		{3EE4CCB7-42FC-49D2-8221-88A2FEF2F762}.Release|x86.ActiveCfg = Release|x86
		{3EE4CCB7-42FC-49D2-8221-88A2FEF2F762}.Release|x86.Build.0 = Release|x86
		{1192FA78-B73F-46BC-B98C-FD887A062A2C}.Debug|Any CPU.ActiveCfg = Debug|Any CPU
		{1192FA78-B73F-46BC-B98C-FD887A062A2C}.Debug|Any CPU.Build.0 = Debug|Any CPU
		{1192FA78-B73F-46BC-B98C-FD887A062A2C}.Debug|x64.ActiveCfg = Debug|x64
		{1192FA78-B73F-46BC-B98C-FD887A062A2C}.Debug|x64.Build.0 = Debug|x64
		{1192FA78-B73F-46BC-B98C-FD887A062A2C}.Debug|x86.ActiveCfg = Debug|x86
		{1192FA78-B73F-46BC-B98C-FD887A062A2C}.Debug|x86.Build.0 = Debug|x86
		{1192FA78-B73F-46BC-B98C-FD887A062A2C}.Release|Any CPU.ActiveCfg = Release|Any CPU
		{1192FA78-B73F-46BC-B98C-FD887A062A2C}.Release|Any CPU.Build.0 = Release|Any CPU
		{1192FA78-B73F-46BC-B98C-FD887A062A2C}.Release|x64.ActiveCfg = Release|x64
		{1192FA78-B73F-46BC-B98C-FD887A062A2C}.Release|x64.Build.0 = Release|x64
		{1192FA78-B73F-46BC-B98C-FD887A062A2C}.Release|x86.ActiveCfg = Release|x86
		{1192FA78-B73F-46BC-B98C-FD887A062A2C}.Release|x86.Build.0 = Release|x86
		{A1F54935-FE6D-4013-B618-5251DE4466CF}.Debug|Any CPU.ActiveCfg = Debug|Any CPU
		{A1F54935-FE6D-4013-B618-5251DE4466CF}.Debug|Any CPU.Build.0 = Debug|Any CPU
		{A1F54935-FE6D-4013-B618-5251DE4466CF}.Debug|x64.ActiveCfg = Debug|x64
		{A1F54935-FE6D-4013-B618-5251DE4466CF}.Debug|x64.Build.0 = Debug|x64
		{A1F54935-FE6D-4013-B618-5251DE4466CF}.Debug|x86.ActiveCfg = Debug|x86
		{A1F54935-FE6D-4013-B618-5251DE4466CF}.Debug|x86.Build.0 = Debug|x86
		{A1F54935-FE6D-4013-B618-5251DE4466CF}.Release|Any CPU.ActiveCfg = Release|Any CPU
		{A1F54935-FE6D-4013-B618-5251DE4466CF}.Release|Any CPU.Build.0 = Release|Any CPU
		{A1F54935-FE6D-4013-B618-5251DE4466CF}.Release|x64.ActiveCfg = Release|x64
		{A1F54935-FE6D-4013-B618-5251DE4466CF}.Release|x64.Build.0 = Release|x64
		{A1F54935-FE6D-4013-B618-5251DE4466CF}.Release|x86.ActiveCfg = Release|x86
		{A1F54935-FE6D-4013-B618-5251DE4466CF}.Release|x86.Build.0 = Release|x86
		{561B2738-7BFE-4974-B1CE-E5D910C770B3}.Debug|Any CPU.ActiveCfg = Debug|Any CPU
		{561B2738-7BFE-4974-B1CE-E5D910C770B3}.Debug|Any CPU.Build.0 = Debug|Any CPU
		{561B2738-7BFE-4974-B1CE-E5D910C770B3}.Debug|x64.ActiveCfg = Debug|Any CPU
		{561B2738-7BFE-4974-B1CE-E5D910C770B3}.Debug|x64.Build.0 = Debug|Any CPU
		{561B2738-7BFE-4974-B1CE-E5D910C770B3}.Debug|x86.ActiveCfg = Debug|Any CPU
		{561B2738-7BFE-4974-B1CE-E5D910C770B3}.Debug|x86.Build.0 = Debug|Any CPU
		{561B2738-7BFE-4974-B1CE-E5D910C770B3}.Release|Any CPU.ActiveCfg = Release|Any CPU
		{561B2738-7BFE-4974-B1CE-E5D910C770B3}.Release|Any CPU.Build.0 = Release|Any CPU
		{561B2738-7BFE-4974-B1CE-E5D910C770B3}.Release|x64.ActiveCfg = Release|Any CPU
		{561B2738-7BFE-4974-B1CE-E5D910C770B3}.Release|x64.Build.0 = Release|Any CPU
		{561B2738-7BFE-4974-B1CE-E5D910C770B3}.Release|x86.ActiveCfg = Release|Any CPU
		{561B2738-7BFE-4974-B1CE-E5D910C770B3}.Release|x86.Build.0 = Release|Any CPU
		{86502725-A9D2-47A8-B26A-5E7BC8A85D47}.Debug|Any CPU.ActiveCfg = Debug|Any CPU
		{86502725-A9D2-47A8-B26A-5E7BC8A85D47}.Debug|Any CPU.Build.0 = Debug|Any CPU
		{86502725-A9D2-47A8-B26A-5E7BC8A85D47}.Debug|x64.ActiveCfg = Debug|Any CPU
		{86502725-A9D2-47A8-B26A-5E7BC8A85D47}.Debug|x64.Build.0 = Debug|Any CPU
		{86502725-A9D2-47A8-B26A-5E7BC8A85D47}.Debug|x86.ActiveCfg = Debug|Any CPU
		{86502725-A9D2-47A8-B26A-5E7BC8A85D47}.Debug|x86.Build.0 = Debug|Any CPU
		{86502725-A9D2-47A8-B26A-5E7BC8A85D47}.Release|Any CPU.ActiveCfg = Release|Any CPU
		{86502725-A9D2-47A8-B26A-5E7BC8A85D47}.Release|Any CPU.Build.0 = Release|Any CPU
		{86502725-A9D2-47A8-B26A-5E7BC8A85D47}.Release|x64.ActiveCfg = Release|Any CPU
		{86502725-A9D2-47A8-B26A-5E7BC8A85D47}.Release|x64.Build.0 = Release|Any CPU
		{86502725-A9D2-47A8-B26A-5E7BC8A85D47}.Release|x86.ActiveCfg = Release|Any CPU
		{86502725-A9D2-47A8-B26A-5E7BC8A85D47}.Release|x86.Build.0 = Release|Any CPU
		{0D1048CF-6FBF-40D7-A38B-DB4D358EB11A}.Debug|Any CPU.ActiveCfg = Debug|Any CPU
		{0D1048CF-6FBF-40D7-A38B-DB4D358EB11A}.Debug|Any CPU.Build.0 = Debug|Any CPU
		{0D1048CF-6FBF-40D7-A38B-DB4D358EB11A}.Debug|x64.ActiveCfg = Debug|Any CPU
		{0D1048CF-6FBF-40D7-A38B-DB4D358EB11A}.Debug|x64.Build.0 = Debug|Any CPU
		{0D1048CF-6FBF-40D7-A38B-DB4D358EB11A}.Debug|x86.ActiveCfg = Debug|Any CPU
		{0D1048CF-6FBF-40D7-A38B-DB4D358EB11A}.Debug|x86.Build.0 = Debug|Any CPU
		{0D1048CF-6FBF-40D7-A38B-DB4D358EB11A}.Release|Any CPU.ActiveCfg = Release|Any CPU
		{0D1048CF-6FBF-40D7-A38B-DB4D358EB11A}.Release|Any CPU.Build.0 = Release|Any CPU
		{0D1048CF-6FBF-40D7-A38B-DB4D358EB11A}.Release|x64.ActiveCfg = Release|Any CPU
		{0D1048CF-6FBF-40D7-A38B-DB4D358EB11A}.Release|x64.Build.0 = Release|Any CPU
		{0D1048CF-6FBF-40D7-A38B-DB4D358EB11A}.Release|x86.ActiveCfg = Release|Any CPU
		{0D1048CF-6FBF-40D7-A38B-DB4D358EB11A}.Release|x86.Build.0 = Release|Any CPU
		{E87CC6DE-5C4F-4F90-B9DC-45D1D954FE82}.Debug|Any CPU.ActiveCfg = Debug|Any CPU
		{E87CC6DE-5C4F-4F90-B9DC-45D1D954FE82}.Debug|Any CPU.Build.0 = Debug|Any CPU
		{E87CC6DE-5C4F-4F90-B9DC-45D1D954FE82}.Debug|x64.ActiveCfg = Debug|Any CPU
		{E87CC6DE-5C4F-4F90-B9DC-45D1D954FE82}.Debug|x64.Build.0 = Debug|Any CPU
		{E87CC6DE-5C4F-4F90-B9DC-45D1D954FE82}.Debug|x86.ActiveCfg = Debug|Any CPU
		{E87CC6DE-5C4F-4F90-B9DC-45D1D954FE82}.Debug|x86.Build.0 = Debug|Any CPU
		{E87CC6DE-5C4F-4F90-B9DC-45D1D954FE82}.Release|Any CPU.ActiveCfg = Release|Any CPU
		{E87CC6DE-5C4F-4F90-B9DC-45D1D954FE82}.Release|Any CPU.Build.0 = Release|Any CPU
		{E87CC6DE-5C4F-4F90-B9DC-45D1D954FE82}.Release|x64.ActiveCfg = Release|Any CPU
		{E87CC6DE-5C4F-4F90-B9DC-45D1D954FE82}.Release|x64.Build.0 = Release|Any CPU
		{E87CC6DE-5C4F-4F90-B9DC-45D1D954FE82}.Release|x86.ActiveCfg = Release|Any CPU
		{E87CC6DE-5C4F-4F90-B9DC-45D1D954FE82}.Release|x86.Build.0 = Release|Any CPU
		{F44DB5B3-6E55-4680-A22D-902A76D75C2D}.Debug|Any CPU.ActiveCfg = Debug|Any CPU
		{F44DB5B3-6E55-4680-A22D-902A76D75C2D}.Debug|Any CPU.Build.0 = Debug|Any CPU
		{F44DB5B3-6E55-4680-A22D-902A76D75C2D}.Debug|x64.ActiveCfg = Debug|Any CPU
		{F44DB5B3-6E55-4680-A22D-902A76D75C2D}.Debug|x64.Build.0 = Debug|Any CPU
		{F44DB5B3-6E55-4680-A22D-902A76D75C2D}.Debug|x86.ActiveCfg = Debug|Any CPU
		{F44DB5B3-6E55-4680-A22D-902A76D75C2D}.Debug|x86.Build.0 = Debug|Any CPU
		{F44DB5B3-6E55-4680-A22D-902A76D75C2D}.Release|Any CPU.ActiveCfg = Release|Any CPU
		{F44DB5B3-6E55-4680-A22D-902A76D75C2D}.Release|Any CPU.Build.0 = Release|Any CPU
		{F44DB5B3-6E55-4680-A22D-902A76D75C2D}.Release|x64.ActiveCfg = Release|Any CPU
		{F44DB5B3-6E55-4680-A22D-902A76D75C2D}.Release|x64.Build.0 = Release|Any CPU
		{F44DB5B3-6E55-4680-A22D-902A76D75C2D}.Release|x86.ActiveCfg = Release|Any CPU
		{F44DB5B3-6E55-4680-A22D-902A76D75C2D}.Release|x86.Build.0 = Release|Any CPU
		{8D218701-AF68-4013-B9C0-108C1D162E11}.Debug|Any CPU.ActiveCfg = Debug|Any CPU
		{8D218701-AF68-4013-B9C0-108C1D162E11}.Debug|Any CPU.Build.0 = Debug|Any CPU
		{8D218701-AF68-4013-B9C0-108C1D162E11}.Debug|x64.ActiveCfg = Debug|Any CPU
		{8D218701-AF68-4013-B9C0-108C1D162E11}.Debug|x64.Build.0 = Debug|Any CPU
		{8D218701-AF68-4013-B9C0-108C1D162E11}.Debug|x86.ActiveCfg = Debug|Any CPU
		{8D218701-AF68-4013-B9C0-108C1D162E11}.Debug|x86.Build.0 = Debug|Any CPU
		{8D218701-AF68-4013-B9C0-108C1D162E11}.Release|Any CPU.ActiveCfg = Release|Any CPU
		{8D218701-AF68-4013-B9C0-108C1D162E11}.Release|Any CPU.Build.0 = Release|Any CPU
		{8D218701-AF68-4013-B9C0-108C1D162E11}.Release|x64.ActiveCfg = Release|Any CPU
		{8D218701-AF68-4013-B9C0-108C1D162E11}.Release|x64.Build.0 = Release|Any CPU
		{8D218701-AF68-4013-B9C0-108C1D162E11}.Release|x86.ActiveCfg = Release|Any CPU
		{8D218701-AF68-4013-B9C0-108C1D162E11}.Release|x86.Build.0 = Release|Any CPU
		{87228D3B-2801-4025-AFA2-BB6EE6A7F849}.Debug|Any CPU.ActiveCfg = Debug|Any CPU
		{87228D3B-2801-4025-AFA2-BB6EE6A7F849}.Debug|Any CPU.Build.0 = Debug|Any CPU
		{87228D3B-2801-4025-AFA2-BB6EE6A7F849}.Debug|x64.ActiveCfg = Debug|Any CPU
		{87228D3B-2801-4025-AFA2-BB6EE6A7F849}.Debug|x64.Build.0 = Debug|Any CPU
		{87228D3B-2801-4025-AFA2-BB6EE6A7F849}.Debug|x86.ActiveCfg = Debug|Any CPU
		{87228D3B-2801-4025-AFA2-BB6EE6A7F849}.Debug|x86.Build.0 = Debug|Any CPU
		{87228D3B-2801-4025-AFA2-BB6EE6A7F849}.Release|Any CPU.ActiveCfg = Release|Any CPU
		{87228D3B-2801-4025-AFA2-BB6EE6A7F849}.Release|Any CPU.Build.0 = Release|Any CPU
		{87228D3B-2801-4025-AFA2-BB6EE6A7F849}.Release|x64.ActiveCfg = Release|Any CPU
		{87228D3B-2801-4025-AFA2-BB6EE6A7F849}.Release|x64.Build.0 = Release|Any CPU
		{87228D3B-2801-4025-AFA2-BB6EE6A7F849}.Release|x86.ActiveCfg = Release|Any CPU
		{87228D3B-2801-4025-AFA2-BB6EE6A7F849}.Release|x86.Build.0 = Release|Any CPU
		{0C0F4847-2286-4B23-A862-DD564FE72D2A}.Debug|Any CPU.ActiveCfg = Debug|Any CPU
		{0C0F4847-2286-4B23-A862-DD564FE72D2A}.Debug|Any CPU.Build.0 = Debug|Any CPU
		{0C0F4847-2286-4B23-A862-DD564FE72D2A}.Debug|x64.ActiveCfg = Debug|Any CPU
		{0C0F4847-2286-4B23-A862-DD564FE72D2A}.Debug|x64.Build.0 = Debug|Any CPU
		{0C0F4847-2286-4B23-A862-DD564FE72D2A}.Debug|x86.ActiveCfg = Debug|Any CPU
		{0C0F4847-2286-4B23-A862-DD564FE72D2A}.Debug|x86.Build.0 = Debug|Any CPU
		{0C0F4847-2286-4B23-A862-DD564FE72D2A}.Release|Any CPU.ActiveCfg = Release|Any CPU
		{0C0F4847-2286-4B23-A862-DD564FE72D2A}.Release|Any CPU.Build.0 = Release|Any CPU
		{0C0F4847-2286-4B23-A862-DD564FE72D2A}.Release|x64.ActiveCfg = Release|Any CPU
		{0C0F4847-2286-4B23-A862-DD564FE72D2A}.Release|x64.Build.0 = Release|Any CPU
		{0C0F4847-2286-4B23-A862-DD564FE72D2A}.Release|x86.ActiveCfg = Release|Any CPU
		{0C0F4847-2286-4B23-A862-DD564FE72D2A}.Release|x86.Build.0 = Release|Any CPU
		{B8425C03-FC4A-4D2A-B1E4-404836463148}.Debug|Any CPU.ActiveCfg = Debug|Any CPU
		{B8425C03-FC4A-4D2A-B1E4-404836463148}.Debug|Any CPU.Build.0 = Debug|Any CPU
		{B8425C03-FC4A-4D2A-B1E4-404836463148}.Debug|x64.ActiveCfg = Debug|Any CPU
		{B8425C03-FC4A-4D2A-B1E4-404836463148}.Debug|x64.Build.0 = Debug|Any CPU
		{B8425C03-FC4A-4D2A-B1E4-404836463148}.Debug|x86.ActiveCfg = Debug|Any CPU
		{B8425C03-FC4A-4D2A-B1E4-404836463148}.Debug|x86.Build.0 = Debug|Any CPU
		{B8425C03-FC4A-4D2A-B1E4-404836463148}.Release|Any CPU.ActiveCfg = Release|Any CPU
		{B8425C03-FC4A-4D2A-B1E4-404836463148}.Release|Any CPU.Build.0 = Release|Any CPU
		{B8425C03-FC4A-4D2A-B1E4-404836463148}.Release|x64.ActiveCfg = Release|Any CPU
		{B8425C03-FC4A-4D2A-B1E4-404836463148}.Release|x64.Build.0 = Release|Any CPU
		{B8425C03-FC4A-4D2A-B1E4-404836463148}.Release|x86.ActiveCfg = Release|Any CPU
		{B8425C03-FC4A-4D2A-B1E4-404836463148}.Release|x86.Build.0 = Release|Any CPU
	EndGlobalSection
	GlobalSection(SolutionProperties) = preSolution
		HideSolutionNode = FALSE
	EndGlobalSection
	GlobalSection(NestedProjects) = preSolution
		{EA66AB03-FEDA-4148-964D-797603F3A6C7} = {C3F2A120-EFE1-4BF4-A4AE-EAF6882F8521}
		{030FDE59-C347-4B81-AB80-5B4B80B757A0} = {C3F2A120-EFE1-4BF4-A4AE-EAF6882F8521}
		{4CCD023C-A503-4BC7-9E9A-A509B4A16D41} = {C3F2A120-EFE1-4BF4-A4AE-EAF6882F8521}
		{F4B320F8-391D-4580-9AEF-C70D9AEA04D5} = {C3F2A120-EFE1-4BF4-A4AE-EAF6882F8521}
		{5E2588A5-2EF2-4267-952D-53AEC8F5F173} = {7522C02F-05D8-474B-B27D-CA5185FF717E}
		{ED65BAAD-743D-4144-AEE2-8D956E6DA599} = {7522C02F-05D8-474B-B27D-CA5185FF717E}
		{E794CFC3-3D9F-400F-88D9-69E929D8E8AF} = {7522C02F-05D8-474B-B27D-CA5185FF717E}
		{7B04E66C-DD08-437F-8D43-EDDAC732DC53} = {C3F2A120-EFE1-4BF4-A4AE-EAF6882F8521}
		{FC5ECD51-175B-42D6-B46C-130B57AA1EBC} = {7522C02F-05D8-474B-B27D-CA5185FF717E}
		{3EE4CCB7-42FC-49D2-8221-88A2FEF2F762} = {7522C02F-05D8-474B-B27D-CA5185FF717E}
		{1192FA78-B73F-46BC-B98C-FD887A062A2C} = {C3F2A120-EFE1-4BF4-A4AE-EAF6882F8521}
		{A1F54935-FE6D-4013-B618-5251DE4466CF} = {C3F2A120-EFE1-4BF4-A4AE-EAF6882F8521}
		{86502725-A9D2-47A8-B26A-5E7BC8A85D47} = {27789F3B-130A-42C6-914A-0DEB65A02F7B}
		{0D1048CF-6FBF-40D7-A38B-DB4D358EB11A} = {27789F3B-130A-42C6-914A-0DEB65A02F7B}
		{E87CC6DE-5C4F-4F90-B9DC-45D1D954FE82} = {125FBFDC-096B-4994-BB19-3DB7C87D320D}
		{F44DB5B3-6E55-4680-A22D-902A76D75C2D} = {C3F2A120-EFE1-4BF4-A4AE-EAF6882F8521}
		{8D218701-AF68-4013-B9C0-108C1D162E11} = {7522C02F-05D8-474B-B27D-CA5185FF717E}
		{87228D3B-2801-4025-AFA2-BB6EE6A7F849} = {7064868F-67EB-4777-A08E-7C43FF5828E9}
		{125FBFDC-096B-4994-BB19-3DB7C87D320D} = {3CD71E77-0A37-4ACB-8651-2F874EA29AE2}
		{7064868F-67EB-4777-A08E-7C43FF5828E9} = {3CD71E77-0A37-4ACB-8651-2F874EA29AE2}
		{41000D34-5491-49DB-A8F9-F7C7AA695470} = {7064868F-67EB-4777-A08E-7C43FF5828E9}
		{27789F3B-130A-42C6-914A-0DEB65A02F7B} = {125FBFDC-096B-4994-BB19-3DB7C87D320D}
		{6D806E1C-B832-4FB3-BE97-E061CF7F7A34} = {125FBFDC-096B-4994-BB19-3DB7C87D320D}
		{2179022F-A974-4F68-8EA5-406C8B7DDB8B} = {3CD71E77-0A37-4ACB-8651-2F874EA29AE2}
		{0C0F4847-2286-4B23-A862-DD564FE72D2A} = {2179022F-A974-4F68-8EA5-406C8B7DDB8B}
		{B8425C03-FC4A-4D2A-B1E4-404836463148} = {9DF5E94E-6F5F-4808-8DA3-698A34EFD021}
		{9DF5E94E-6F5F-4808-8DA3-698A34EFD021} = {3CD71E77-0A37-4ACB-8651-2F874EA29AE2}
	EndGlobalSection
	GlobalSection(ExtensibilityGlobals) = postSolution
		SolutionGuid = {17B5E48B-DCFD-45F2-A672-3505C8225149}
	EndGlobalSection
EndGlobal
