
Microsoft Visual Studio Solution File, Format Version 12.00
# Visual Studio Version 17
VisualStudioVersion = 17.1.32319.34
MinimumVisualStudioVersion = 10.0.40219.1
Project("{FAE04EC0-301F-11D3-BF4B-00C04F79EFBC}") = "Rubberduck.Main", "Rubberduck.Main\Rubberduck.Main.csproj", "{EA66AB03-FEDA-4148-964D-797603F3A6C7}"
EndProject
Project("{FAE04EC0-301F-11D3-BF4B-00C04F79EFBC}") = "Rubberduck.VBEditor", "Rubberduck.VBEditor\Rubberduck.VBEditor.csproj", "{030FDE59-C347-4B81-AB80-5B4B80B757A0}"
EndProject
Project("{FAE04EC0-301F-11D3-BF4B-00C04F79EFBC}") = "Rubberduck.VBEditor.VBA", "Rubberduck.VBEditor.VBA\Rubberduck.VBEditor.VBA.csproj", "{4CCD023C-A503-4BC7-9E9A-A509B4A16D41}"
EndProject
Project("{FAE04EC0-301F-11D3-BF4B-00C04F79EFBC}") = "Rubberduck.VBEditor.VB6", "Rubberduck.VBEditor.VB6\Rubberduck.VBEditor.VB6.csproj", "{F4B320F8-391D-4580-9AEF-C70D9AEA04D5}"
EndProject
Project("{FAE04EC0-301F-11D3-BF4B-00C04F79EFBC}") = "Rubberduck.InternalApi", "Rubberduck.InternalApi\Rubberduck.InternalApi.csproj", "{5E2588A5-2EF2-4267-952D-53AEC8F5F173}"
EndProject
Project("{FAE04EC0-301F-11D3-BF4B-00C04F79EFBC}") = "Rubberduck.Resources", "Rubberduck.Resources\Rubberduck.Resources.csproj", "{ED65BAAD-743D-4144-AEE2-8D956E6DA599}"
EndProject
Project("{2150E333-8FDC-42A3-9474-1A3956D46DE8}") = "SolutionItems", "SolutionItems", "{29672418-530B-44AF-B95E-76EA20E96F44}"
	ProjectSection(SolutionItems) = preProject
		LICENSE.txt = LICENSE.txt
		README.md = README.md
	EndProjectSection
EndProject
Project("{FAE04EC0-301F-11D3-BF4B-00C04F79EFBC}") = "Rubberduck.SettingsProvider", "Rubberduck.SettingsProvider\Rubberduck.SettingsProvider.csproj", "{E794CFC3-3D9F-400F-88D9-69E929D8E8AF}"
EndProject
Project("{FAE04EC0-301F-11D3-BF4B-00C04F79EFBC}") = "Rubberduck.Core", "Rubberduck.Core\Rubberduck.Core.csproj", "{7B04E66C-DD08-437F-8D43-EDDAC732DC53}"
EndProject
Project("{FAE04EC0-301F-11D3-BF4B-00C04F79EFBC}") = "Rubberduck.UI", "Rubberduck.UI\Rubberduck.UI.csproj", "{FC5ECD51-175B-42D6-B46C-130B57AA1EBC}"
EndProject
Project("{FAE04EC0-301F-11D3-BF4B-00C04F79EFBC}") = "Rubberduck.Interaction", "Rubberduck.Interaction\Rubberduck.Interaction.csproj", "{3EE4CCB7-42FC-49D2-8221-88A2FEF2F762}"
EndProject
Project("{FAE04EC0-301F-11D3-BF4B-00C04F79EFBC}") = "Rubberduck.UI.Xaml", "Rubberduck.UI.Xaml\Rubberduck.UI.Xaml.csproj", "{1192FA78-B73F-46BC-B98C-FD887A062A2C}"
EndProject
Project("{FAE04EC0-301F-11D3-BF4B-00C04F79EFBC}") = "Rubberduck.UI.WinForms", "Rubberduck.UI.WinForms\Rubberduck.UI.WinForms.csproj", "{A1F54935-FE6D-4013-B618-5251DE4466CF}"
EndProject
Project("{9A19103F-16F7-4668-BE54-9A1E7A4F7556}") = "Rubberduck.Tests", "Rubberduck.Tests\Rubberduck.Tests.csproj", "{561B2738-7BFE-4974-B1CE-E5D910C770B3}"
EndProject
Project("{FAE04EC0-301F-11D3-BF4B-00C04F79EFBC}") = "Rubberduck.Parsing", "Rubberduck.Parsing\Rubberduck.Parsing.csproj", "{86502725-A9D2-47A8-B26A-5E7BC8A85D47}"
EndProject
Project("{FAE04EC0-301F-11D3-BF4B-00C04F79EFBC}") = "Rubberduck.CodeAnalysis", "Rubberduck.CodeAnalysis\Rubberduck.CodeAnalysis.csproj", "{0D1048CF-6FBF-40D7-A38B-DB4D358EB11A}"
EndProject
Project("{FAE04EC0-301F-11D3-BF4B-00C04F79EFBC}") = "Rubberduck.DataServices", "Rubberduck.DataServices\Rubberduck.DataServices.csproj", "{D38F8438-9077-4BC2-9924-5BE75CF86712}"
EndProject
Project("{2150E333-8FDC-42A3-9474-1A3956D46DE8}") = "Rubberduck.Data", "Rubberduck.Data", "{566BFB54-08B8-45E2-B53F-B33107410E38}"
	ProjectSection(SolutionItems) = preProject
		Rubberduck.Data\CreateSchema.sql = Rubberduck.Data\CreateSchema.sql
		Rubberduck.Data\RubberduckLocalDB.db = Rubberduck.Data\RubberduckLocalDB.db
	EndProjectSection
EndProject
Global
	GlobalSection(SolutionConfigurationPlatforms) = preSolution
		Debug|Any CPU = Debug|Any CPU
		Debug|x64 = Debug|x64
		Debug|x86 = Debug|x86
		Release|Any CPU = Release|Any CPU
		Release|x64 = Release|x64
		Release|x86 = Release|x86
	EndGlobalSection
	GlobalSection(ProjectConfigurationPlatforms) = postSolution
		{EA66AB03-FEDA-4148-964D-797603F3A6C7}.Debug|Any CPU.ActiveCfg = Debug|Any CPU
		{EA66AB03-FEDA-4148-964D-797603F3A6C7}.Debug|Any CPU.Build.0 = Debug|Any CPU
		{EA66AB03-FEDA-4148-964D-797603F3A6C7}.Debug|x64.ActiveCfg = Debug|x64
		{EA66AB03-FEDA-4148-964D-797603F3A6C7}.Debug|x64.Build.0 = Debug|x64
		{EA66AB03-FEDA-4148-964D-797603F3A6C7}.Debug|x86.ActiveCfg = Debug|x86
		{EA66AB03-FEDA-4148-964D-797603F3A6C7}.Debug|x86.Build.0 = Debug|x86
		{EA66AB03-FEDA-4148-964D-797603F3A6C7}.Release|Any CPU.ActiveCfg = Release|Any CPU
		{EA66AB03-FEDA-4148-964D-797603F3A6C7}.Release|Any CPU.Build.0 = Release|Any CPU
		{EA66AB03-FEDA-4148-964D-797603F3A6C7}.Release|x64.ActiveCfg = Release|x64
		{EA66AB03-FEDA-4148-964D-797603F3A6C7}.Release|x64.Build.0 = Release|x64
		{EA66AB03-FEDA-4148-964D-797603F3A6C7}.Release|x86.ActiveCfg = Release|x86
		{EA66AB03-FEDA-4148-964D-797603F3A6C7}.Release|x86.Build.0 = Release|x86
		{030FDE59-C347-4B81-AB80-5B4B80B757A0}.Debug|Any CPU.ActiveCfg = Debug|Any CPU
		{030FDE59-C347-4B81-AB80-5B4B80B757A0}.Debug|Any CPU.Build.0 = Debug|Any CPU
		{030FDE59-C347-4B81-AB80-5B4B80B757A0}.Debug|x64.ActiveCfg = Debug|x64
		{030FDE59-C347-4B81-AB80-5B4B80B757A0}.Debug|x64.Build.0 = Debug|x64
		{030FDE59-C347-4B81-AB80-5B4B80B757A0}.Debug|x86.ActiveCfg = Debug|x86
		{030FDE59-C347-4B81-AB80-5B4B80B757A0}.Debug|x86.Build.0 = Debug|x86
		{030FDE59-C347-4B81-AB80-5B4B80B757A0}.Release|Any CPU.ActiveCfg = Release|Any CPU
		{030FDE59-C347-4B81-AB80-5B4B80B757A0}.Release|Any CPU.Build.0 = Release|Any CPU
		{030FDE59-C347-4B81-AB80-5B4B80B757A0}.Release|x64.ActiveCfg = Release|x64
		{030FDE59-C347-4B81-AB80-5B4B80B757A0}.Release|x64.Build.0 = Release|x64
		{030FDE59-C347-4B81-AB80-5B4B80B757A0}.Release|x86.ActiveCfg = Release|x86
		{030FDE59-C347-4B81-AB80-5B4B80B757A0}.Release|x86.Build.0 = Release|x86
		{4CCD023C-A503-4BC7-9E9A-A509B4A16D41}.Debug|Any CPU.ActiveCfg = Debug|Any CPU
		{4CCD023C-A503-4BC7-9E9A-A509B4A16D41}.Debug|Any CPU.Build.0 = Debug|Any CPU
		{4CCD023C-A503-4BC7-9E9A-A509B4A16D41}.Debug|x64.ActiveCfg = Debug|x64
		{4CCD023C-A503-4BC7-9E9A-A509B4A16D41}.Debug|x64.Build.0 = Debug|x64
		{4CCD023C-A503-4BC7-9E9A-A509B4A16D41}.Debug|x86.ActiveCfg = Debug|x86
		{4CCD023C-A503-4BC7-9E9A-A509B4A16D41}.Debug|x86.Build.0 = Debug|x86
		{4CCD023C-A503-4BC7-9E9A-A509B4A16D41}.Release|Any CPU.ActiveCfg = Release|Any CPU
		{4CCD023C-A503-4BC7-9E9A-A509B4A16D41}.Release|Any CPU.Build.0 = Release|Any CPU
		{4CCD023C-A503-4BC7-9E9A-A509B4A16D41}.Release|x64.ActiveCfg = Release|x64
		{4CCD023C-A503-4BC7-9E9A-A509B4A16D41}.Release|x64.Build.0 = Release|x64
		{4CCD023C-A503-4BC7-9E9A-A509B4A16D41}.Release|x86.ActiveCfg = Release|x86
		{4CCD023C-A503-4BC7-9E9A-A509B4A16D41}.Release|x86.Build.0 = Release|x86
		{F4B320F8-391D-4580-9AEF-C70D9AEA04D5}.Debug|Any CPU.ActiveCfg = Debug|Any CPU
		{F4B320F8-391D-4580-9AEF-C70D9AEA04D5}.Debug|Any CPU.Build.0 = Debug|Any CPU
		{F4B320F8-391D-4580-9AEF-C70D9AEA04D5}.Debug|x64.ActiveCfg = Debug|x64
		{F4B320F8-391D-4580-9AEF-C70D9AEA04D5}.Debug|x64.Build.0 = Debug|x64
		{F4B320F8-391D-4580-9AEF-C70D9AEA04D5}.Debug|x86.ActiveCfg = Debug|x86
		{F4B320F8-391D-4580-9AEF-C70D9AEA04D5}.Debug|x86.Build.0 = Debug|x86
		{F4B320F8-391D-4580-9AEF-C70D9AEA04D5}.Release|Any CPU.ActiveCfg = Release|Any CPU
		{F4B320F8-391D-4580-9AEF-C70D9AEA04D5}.Release|Any CPU.Build.0 = Release|Any CPU
		{F4B320F8-391D-4580-9AEF-C70D9AEA04D5}.Release|x64.ActiveCfg = Release|x64
		{F4B320F8-391D-4580-9AEF-C70D9AEA04D5}.Release|x64.Build.0 = Release|x64
		{F4B320F8-391D-4580-9AEF-C70D9AEA04D5}.Release|x86.ActiveCfg = Release|x86
		{F4B320F8-391D-4580-9AEF-C70D9AEA04D5}.Release|x86.Build.0 = Release|x86
		{5E2588A5-2EF2-4267-952D-53AEC8F5F173}.Debug|Any CPU.ActiveCfg = Debug|Any CPU
		{5E2588A5-2EF2-4267-952D-53AEC8F5F173}.Debug|Any CPU.Build.0 = Debug|Any CPU
		{5E2588A5-2EF2-4267-952D-53AEC8F5F173}.Debug|x64.ActiveCfg = Debug|x64
		{5E2588A5-2EF2-4267-952D-53AEC8F5F173}.Debug|x64.Build.0 = Debug|x64
		{5E2588A5-2EF2-4267-952D-53AEC8F5F173}.Debug|x86.ActiveCfg = Debug|x86
		{5E2588A5-2EF2-4267-952D-53AEC8F5F173}.Debug|x86.Build.0 = Debug|x86
		{5E2588A5-2EF2-4267-952D-53AEC8F5F173}.Release|Any CPU.ActiveCfg = Release|Any CPU
		{5E2588A5-2EF2-4267-952D-53AEC8F5F173}.Release|Any CPU.Build.0 = Release|Any CPU
		{5E2588A5-2EF2-4267-952D-53AEC8F5F173}.Release|x64.ActiveCfg = Release|x64
		{5E2588A5-2EF2-4267-952D-53AEC8F5F173}.Release|x64.Build.0 = Release|x64
		{5E2588A5-2EF2-4267-952D-53AEC8F5F173}.Release|x86.ActiveCfg = Release|x86
		{5E2588A5-2EF2-4267-952D-53AEC8F5F173}.Release|x86.Build.0 = Release|x86
		{ED65BAAD-743D-4144-AEE2-8D956E6DA599}.Debug|Any CPU.ActiveCfg = Debug|Any CPU
		{ED65BAAD-743D-4144-AEE2-8D956E6DA599}.Debug|Any CPU.Build.0 = Debug|Any CPU
		{ED65BAAD-743D-4144-AEE2-8D956E6DA599}.Debug|x64.ActiveCfg = Debug|x64
		{ED65BAAD-743D-4144-AEE2-8D956E6DA599}.Debug|x64.Build.0 = Debug|x64
		{ED65BAAD-743D-4144-AEE2-8D956E6DA599}.Debug|x86.ActiveCfg = Debug|x86
		{ED65BAAD-743D-4144-AEE2-8D956E6DA599}.Debug|x86.Build.0 = Debug|x86
		{ED65BAAD-743D-4144-AEE2-8D956E6DA599}.Release|Any CPU.ActiveCfg = Release|Any CPU
		{ED65BAAD-743D-4144-AEE2-8D956E6DA599}.Release|Any CPU.Build.0 = Release|Any CPU
		{ED65BAAD-743D-4144-AEE2-8D956E6DA599}.Release|x64.ActiveCfg = Release|x64
		{ED65BAAD-743D-4144-AEE2-8D956E6DA599}.Release|x64.Build.0 = Release|x64
		{ED65BAAD-743D-4144-AEE2-8D956E6DA599}.Release|x86.ActiveCfg = Release|x86
		{ED65BAAD-743D-4144-AEE2-8D956E6DA599}.Release|x86.Build.0 = Release|x86
		{E794CFC3-3D9F-400F-88D9-69E929D8E8AF}.Debug|Any CPU.ActiveCfg = Debug|Any CPU
		{E794CFC3-3D9F-400F-88D9-69E929D8E8AF}.Debug|Any CPU.Build.0 = Debug|Any CPU
		{E794CFC3-3D9F-400F-88D9-69E929D8E8AF}.Debug|x64.ActiveCfg = Debug|x64
		{E794CFC3-3D9F-400F-88D9-69E929D8E8AF}.Debug|x64.Build.0 = Debug|x64
		{E794CFC3-3D9F-400F-88D9-69E929D8E8AF}.Debug|x86.ActiveCfg = Debug|x86
		{E794CFC3-3D9F-400F-88D9-69E929D8E8AF}.Debug|x86.Build.0 = Debug|x86
		{E794CFC3-3D9F-400F-88D9-69E929D8E8AF}.Release|Any CPU.ActiveCfg = Release|Any CPU
		{E794CFC3-3D9F-400F-88D9-69E929D8E8AF}.Release|Any CPU.Build.0 = Release|Any CPU
		{E794CFC3-3D9F-400F-88D9-69E929D8E8AF}.Release|x64.ActiveCfg = Release|x64
		{E794CFC3-3D9F-400F-88D9-69E929D8E8AF}.Release|x64.Build.0 = Release|x64
		{E794CFC3-3D9F-400F-88D9-69E929D8E8AF}.Release|x86.ActiveCfg = Release|x86
		{E794CFC3-3D9F-400F-88D9-69E929D8E8AF}.Release|x86.Build.0 = Release|x86
		{7B04E66C-DD08-437F-8D43-EDDAC732DC53}.Debug|Any CPU.ActiveCfg = Debug|Any CPU
		{7B04E66C-DD08-437F-8D43-EDDAC732DC53}.Debug|Any CPU.Build.0 = Debug|Any CPU
		{7B04E66C-DD08-437F-8D43-EDDAC732DC53}.Debug|x64.ActiveCfg = Debug|x64
		{7B04E66C-DD08-437F-8D43-EDDAC732DC53}.Debug|x64.Build.0 = Debug|x64
		{7B04E66C-DD08-437F-8D43-EDDAC732DC53}.Debug|x86.ActiveCfg = Debug|x86
		{7B04E66C-DD08-437F-8D43-EDDAC732DC53}.Debug|x86.Build.0 = Debug|x86
		{7B04E66C-DD08-437F-8D43-EDDAC732DC53}.Release|Any CPU.ActiveCfg = Release|Any CPU
		{7B04E66C-DD08-437F-8D43-EDDAC732DC53}.Release|Any CPU.Build.0 = Release|Any CPU
		{7B04E66C-DD08-437F-8D43-EDDAC732DC53}.Release|x64.ActiveCfg = Release|x64
		{7B04E66C-DD08-437F-8D43-EDDAC732DC53}.Release|x64.Build.0 = Release|x64
		{7B04E66C-DD08-437F-8D43-EDDAC732DC53}.Release|x86.ActiveCfg = Release|x86
		{7B04E66C-DD08-437F-8D43-EDDAC732DC53}.Release|x86.Build.0 = Release|x86
		{FC5ECD51-175B-42D6-B46C-130B57AA1EBC}.Debug|Any CPU.ActiveCfg = Debug|Any CPU
		{FC5ECD51-175B-42D6-B46C-130B57AA1EBC}.Debug|Any CPU.Build.0 = Debug|Any CPU
		{FC5ECD51-175B-42D6-B46C-130B57AA1EBC}.Debug|x64.ActiveCfg = Debug|x64
		{FC5ECD51-175B-42D6-B46C-130B57AA1EBC}.Debug|x64.Build.0 = Debug|x64
		{FC5ECD51-175B-42D6-B46C-130B57AA1EBC}.Debug|x86.ActiveCfg = Debug|x86
		{FC5ECD51-175B-42D6-B46C-130B57AA1EBC}.Debug|x86.Build.0 = Debug|x86
		{FC5ECD51-175B-42D6-B46C-130B57AA1EBC}.Release|Any CPU.ActiveCfg = Release|Any CPU
		{FC5ECD51-175B-42D6-B46C-130B57AA1EBC}.Release|Any CPU.Build.0 = Release|Any CPU
		{FC5ECD51-175B-42D6-B46C-130B57AA1EBC}.Release|x64.ActiveCfg = Release|x64
		{FC5ECD51-175B-42D6-B46C-130B57AA1EBC}.Release|x64.Build.0 = Release|x64
		{FC5ECD51-175B-42D6-B46C-130B57AA1EBC}.Release|x86.ActiveCfg = Release|x86
		{FC5ECD51-175B-42D6-B46C-130B57AA1EBC}.Release|x86.Build.0 = Release|x86
		{3EE4CCB7-42FC-49D2-8221-88A2FEF2F762}.Debug|Any CPU.ActiveCfg = Debug|Any CPU
		{3EE4CCB7-42FC-49D2-8221-88A2FEF2F762}.Debug|Any CPU.Build.0 = Debug|Any CPU
		{3EE4CCB7-42FC-49D2-8221-88A2FEF2F762}.Debug|x64.ActiveCfg = Debug|x64
		{3EE4CCB7-42FC-49D2-8221-88A2FEF2F762}.Debug|x64.Build.0 = Debug|x64
		{3EE4CCB7-42FC-49D2-8221-88A2FEF2F762}.Debug|x86.ActiveCfg = Debug|x86
		{3EE4CCB7-42FC-49D2-8221-88A2FEF2F762}.Debug|x86.Build.0 = Debug|x86
		{3EE4CCB7-42FC-49D2-8221-88A2FEF2F762}.Release|Any CPU.ActiveCfg = Release|Any CPU
		{3EE4CCB7-42FC-49D2-8221-88A2FEF2F762}.Release|Any CPU.Build.0 = Release|Any CPU
		{3EE4CCB7-42FC-49D2-8221-88A2FEF2F762}.Release|x64.ActiveCfg = Release|x64
		{3EE4CCB7-42FC-49D2-8221-88A2FEF2F762}.Release|x64.Build.0 = Release|x64
		{3EE4CCB7-42FC-49D2-8221-88A2FEF2F762}.Release|x86.ActiveCfg = Release|x86
		{3EE4CCB7-42FC-49D2-8221-88A2FEF2F762}.Release|x86.Build.0 = Release|x86
		{1192FA78-B73F-46BC-B98C-FD887A062A2C}.Debug|Any CPU.ActiveCfg = Debug|Any CPU
		{1192FA78-B73F-46BC-B98C-FD887A062A2C}.Debug|Any CPU.Build.0 = Debug|Any CPU
		{1192FA78-B73F-46BC-B98C-FD887A062A2C}.Debug|x64.ActiveCfg = Debug|x64
		{1192FA78-B73F-46BC-B98C-FD887A062A2C}.Debug|x64.Build.0 = Debug|x64
		{1192FA78-B73F-46BC-B98C-FD887A062A2C}.Debug|x86.ActiveCfg = Debug|x86
		{1192FA78-B73F-46BC-B98C-FD887A062A2C}.Debug|x86.Build.0 = Debug|x86
		{1192FA78-B73F-46BC-B98C-FD887A062A2C}.Release|Any CPU.ActiveCfg = Release|Any CPU
		{1192FA78-B73F-46BC-B98C-FD887A062A2C}.Release|Any CPU.Build.0 = Release|Any CPU
		{1192FA78-B73F-46BC-B98C-FD887A062A2C}.Release|x64.ActiveCfg = Release|x64
		{1192FA78-B73F-46BC-B98C-FD887A062A2C}.Release|x64.Build.0 = Release|x64
		{1192FA78-B73F-46BC-B98C-FD887A062A2C}.Release|x86.ActiveCfg = Release|x86
		{1192FA78-B73F-46BC-B98C-FD887A062A2C}.Release|x86.Build.0 = Release|x86
		{A1F54935-FE6D-4013-B618-5251DE4466CF}.Debug|Any CPU.ActiveCfg = Debug|Any CPU
		{A1F54935-FE6D-4013-B618-5251DE4466CF}.Debug|Any CPU.Build.0 = Debug|Any CPU
		{A1F54935-FE6D-4013-B618-5251DE4466CF}.Debug|x64.ActiveCfg = Debug|x64
		{A1F54935-FE6D-4013-B618-5251DE4466CF}.Debug|x64.Build.0 = Debug|x64
		{A1F54935-FE6D-4013-B618-5251DE4466CF}.Debug|x86.ActiveCfg = Debug|x86
		{A1F54935-FE6D-4013-B618-5251DE4466CF}.Debug|x86.Build.0 = Debug|x86
		{A1F54935-FE6D-4013-B618-5251DE4466CF}.Release|Any CPU.ActiveCfg = Release|Any CPU
		{A1F54935-FE6D-4013-B618-5251DE4466CF}.Release|Any CPU.Build.0 = Release|Any CPU
		{A1F54935-FE6D-4013-B618-5251DE4466CF}.Release|x64.ActiveCfg = Release|x64
		{A1F54935-FE6D-4013-B618-5251DE4466CF}.Release|x64.Build.0 = Release|x64
		{A1F54935-FE6D-4013-B618-5251DE4466CF}.Release|x86.ActiveCfg = Release|x86
		{A1F54935-FE6D-4013-B618-5251DE4466CF}.Release|x86.Build.0 = Release|x86
		{561B2738-7BFE-4974-B1CE-E5D910C770B3}.Debug|Any CPU.ActiveCfg = Debug|Any CPU
		{561B2738-7BFE-4974-B1CE-E5D910C770B3}.Debug|Any CPU.Build.0 = Debug|Any CPU
		{561B2738-7BFE-4974-B1CE-E5D910C770B3}.Debug|x64.ActiveCfg = Debug|Any CPU
		{561B2738-7BFE-4974-B1CE-E5D910C770B3}.Debug|x64.Build.0 = Debug|Any CPU
		{561B2738-7BFE-4974-B1CE-E5D910C770B3}.Debug|x86.ActiveCfg = Debug|Any CPU
		{561B2738-7BFE-4974-B1CE-E5D910C770B3}.Debug|x86.Build.0 = Debug|Any CPU
		{561B2738-7BFE-4974-B1CE-E5D910C770B3}.Release|Any CPU.ActiveCfg = Release|Any CPU
		{561B2738-7BFE-4974-B1CE-E5D910C770B3}.Release|Any CPU.Build.0 = Release|Any CPU
		{561B2738-7BFE-4974-B1CE-E5D910C770B3}.Release|x64.ActiveCfg = Release|Any CPU
		{561B2738-7BFE-4974-B1CE-E5D910C770B3}.Release|x64.Build.0 = Release|Any CPU
		{561B2738-7BFE-4974-B1CE-E5D910C770B3}.Release|x86.ActiveCfg = Release|Any CPU
		{561B2738-7BFE-4974-B1CE-E5D910C770B3}.Release|x86.Build.0 = Release|Any CPU
		{86502725-A9D2-47A8-B26A-5E7BC8A85D47}.Debug|Any CPU.ActiveCfg = Debug|Any CPU
		{86502725-A9D2-47A8-B26A-5E7BC8A85D47}.Debug|Any CPU.Build.0 = Debug|Any CPU
		{86502725-A9D2-47A8-B26A-5E7BC8A85D47}.Debug|x64.ActiveCfg = Debug|Any CPU
		{86502725-A9D2-47A8-B26A-5E7BC8A85D47}.Debug|x64.Build.0 = Debug|Any CPU
		{86502725-A9D2-47A8-B26A-5E7BC8A85D47}.Debug|x86.ActiveCfg = Debug|Any CPU
		{86502725-A9D2-47A8-B26A-5E7BC8A85D47}.Debug|x86.Build.0 = Debug|Any CPU
		{86502725-A9D2-47A8-B26A-5E7BC8A85D47}.Release|Any CPU.ActiveCfg = Release|Any CPU
		{86502725-A9D2-47A8-B26A-5E7BC8A85D47}.Release|Any CPU.Build.0 = Release|Any CPU
		{86502725-A9D2-47A8-B26A-5E7BC8A85D47}.Release|x64.ActiveCfg = Release|Any CPU
		{86502725-A9D2-47A8-B26A-5E7BC8A85D47}.Release|x64.Build.0 = Release|Any CPU
		{86502725-A9D2-47A8-B26A-5E7BC8A85D47}.Release|x86.ActiveCfg = Release|Any CPU
		{86502725-A9D2-47A8-B26A-5E7BC8A85D47}.Release|x86.Build.0 = Release|Any CPU
		{0D1048CF-6FBF-40D7-A38B-DB4D358EB11A}.Debug|Any CPU.ActiveCfg = Debug|Any CPU
		{0D1048CF-6FBF-40D7-A38B-DB4D358EB11A}.Debug|Any CPU.Build.0 = Debug|Any CPU
		{0D1048CF-6FBF-40D7-A38B-DB4D358EB11A}.Debug|x64.ActiveCfg = Debug|Any CPU
		{0D1048CF-6FBF-40D7-A38B-DB4D358EB11A}.Debug|x64.Build.0 = Debug|Any CPU
		{0D1048CF-6FBF-40D7-A38B-DB4D358EB11A}.Debug|x86.ActiveCfg = Debug|Any CPU
		{0D1048CF-6FBF-40D7-A38B-DB4D358EB11A}.Debug|x86.Build.0 = Debug|Any CPU
		{0D1048CF-6FBF-40D7-A38B-DB4D358EB11A}.Release|Any CPU.ActiveCfg = Release|Any CPU
		{0D1048CF-6FBF-40D7-A38B-DB4D358EB11A}.Release|Any CPU.Build.0 = Release|Any CPU
		{0D1048CF-6FBF-40D7-A38B-DB4D358EB11A}.Release|x64.ActiveCfg = Release|Any CPU
		{0D1048CF-6FBF-40D7-A38B-DB4D358EB11A}.Release|x64.Build.0 = Release|Any CPU
		{0D1048CF-6FBF-40D7-A38B-DB4D358EB11A}.Release|x86.ActiveCfg = Release|Any CPU
		{0D1048CF-6FBF-40D7-A38B-DB4D358EB11A}.Release|x86.Build.0 = Release|Any CPU
		{D38F8438-9077-4BC2-9924-5BE75CF86712}.Debug|Any CPU.ActiveCfg = Debug|Any CPU
		{D38F8438-9077-4BC2-9924-5BE75CF86712}.Debug|Any CPU.Build.0 = Debug|Any CPU
		{D38F8438-9077-4BC2-9924-5BE75CF86712}.Debug|x64.ActiveCfg = Debug|Any CPU
		{D38F8438-9077-4BC2-9924-5BE75CF86712}.Debug|x64.Build.0 = Debug|Any CPU
		{D38F8438-9077-4BC2-9924-5BE75CF86712}.Debug|x86.ActiveCfg = Debug|Any CPU
		{D38F8438-9077-4BC2-9924-5BE75CF86712}.Debug|x86.Build.0 = Debug|Any CPU
		{D38F8438-9077-4BC2-9924-5BE75CF86712}.Release|Any CPU.ActiveCfg = Release|Any CPU
		{D38F8438-9077-4BC2-9924-5BE75CF86712}.Release|Any CPU.Build.0 = Release|Any CPU
		{D38F8438-9077-4BC2-9924-5BE75CF86712}.Release|x64.ActiveCfg = Release|Any CPU
		{D38F8438-9077-4BC2-9924-5BE75CF86712}.Release|x64.Build.0 = Release|Any CPU
		{D38F8438-9077-4BC2-9924-5BE75CF86712}.Release|x86.ActiveCfg = Release|Any CPU
		{D38F8438-9077-4BC2-9924-5BE75CF86712}.Release|x86.Build.0 = Release|Any CPU
	EndGlobalSection
	GlobalSection(SolutionProperties) = preSolution
		HideSolutionNode = FALSE
	EndGlobalSection
	GlobalSection(NestedProjects) = preSolution
		{566BFB54-08B8-45E2-B53F-B33107410E38} = {29672418-530B-44AF-B95E-76EA20E96F44}
	EndGlobalSection
	GlobalSection(ExtensibilityGlobals) = postSolution
		SolutionGuid = {17B5E48B-DCFD-45F2-A672-3505C8225149}
	EndGlobalSection
EndGlobal
