
Microsoft Visual Studio Solution File, Format Version 12.00
# Visual Studio Version 17
VisualStudioVersion = 17.1.32319.34
MinimumVisualStudioVersion = 10.0.40219.1
Project("{2150E333-8FDC-42A3-9474-1A3956D46DE8}") = "SolutionItems", "SolutionItems", "{29672418-530B-44AF-B95E-76EA20E96F44}"
	ProjectSection(SolutionItems) = preProject
		LICENSE.txt = LICENSE.txt
		README.md = README.md
	EndProjectSection
EndProject
Project("{2150E333-8FDC-42A3-9474-1A3956D46DE8}") = "Client", "Client", "{C3F2A120-EFE1-4BF4-A4AE-EAF6882F8521}"
EndProject
Project("{2150E333-8FDC-42A3-9474-1A3956D46DE8}") = "Server", "Server", "{3CD71E77-0A37-4ACB-8651-2F874EA29AE2}"
EndProject
Project("{2150E333-8FDC-42A3-9474-1A3956D46DE8}") = "Shared", "Shared", "{7522C02F-05D8-474B-B27D-CA5185FF717E}"
EndProject
Project("{2150E333-8FDC-42A3-9474-1A3956D46DE8}") = "LSP", "LSP", "{125FBFDC-096B-4994-BB19-3DB7C87D320D}"
EndProject
Project("{2150E333-8FDC-42A3-9474-1A3956D46DE8}") = "Database", "Database", "{7064868F-67EB-4777-A08E-7C43FF5828E9}"
	ProjectSection(SolutionItems) = preProject
		Server\Database\Rubberduck.db = Server\Database\Rubberduck.db
	EndProjectSection
EndProject
Project("{2150E333-8FDC-42A3-9474-1A3956D46DE8}") = "Scripts", "Scripts", "{41000D34-5491-49DB-A8F9-F7C7AA695470}"
	ProjectSection(SolutionItems) = preProject
		Server\Database\Scripts\CreateSchema.sql = Server\Database\Scripts\CreateSchema.sql
	EndProjectSection
EndProject
Project("{2150E333-8FDC-42A3-9474-1A3956D46DE8}") = "Rubberduck", "Rubberduck", "{27789F3B-130A-42C6-914A-0DEB65A02F7B}"
EndProject
Project("{2150E333-8FDC-42A3-9474-1A3956D46DE8}") = "Updater", "Updater", "{2179022F-A974-4F68-8EA5-406C8B7DDB8B}"
EndProject
Project("{2150E333-8FDC-42A3-9474-1A3956D46DE8}") = "Telemetry", "Telemetry", "{9DF5E94E-6F5F-4808-8DA3-698A34EFD021}"
EndProject
Project("{9A19103F-16F7-4668-BE54-9A1E7A4F7556}") = "Rubberduck.UI.WinForms", "Client\Rubberduck.UI.WinForms\Rubberduck.UI.WinForms.csproj", "{A1F54935-FE6D-4013-B618-5251DE4466CF}"
EndProject
Project("{9A19103F-16F7-4668-BE54-9A1E7A4F7556}") = "Rubberduck.Parsing", "Server\LSP\Rubberduck\Rubberduck.Parsing\Rubberduck.Parsing.csproj", "{86502725-A9D2-47A8-B26A-5E7BC8A85D47}"
EndProject
Project("{9A19103F-16F7-4668-BE54-9A1E7A4F7556}") = "Rubberduck.RPC", "Shared\Rubberduck.RPC\Rubberduck.RPC.csproj", "{8D218701-AF68-4013-B9C0-108C1D162E11}"
EndProject
Project("{2150E333-8FDC-42A3-9474-1A3956D46DE8}") = "Tests", "Tests", "{6F90DCB0-9F71-4152-BE43-454C8E0748CD}"
EndProject
Project("{9A19103F-16F7-4668-BE54-9A1E7A4F7556}") = "Rubberduck.Tests", "Tests\Rubberduck.Tests\Rubberduck.Tests.csproj", "{A86A4265-CD91-465B-846D-5B44A441BB18}"
EndProject
Project("{9A19103F-16F7-4668-BE54-9A1E7A4F7556}") = "Rubberduck.Server.LSP", "Server\LSP\Rubberduck.Server.LSP\Rubberduck.Server.LSP.csproj", "{A24C9D7D-77F9-4FB8-BCFF-EB484A1515D9}"
EndProject
Project("{9A19103F-16F7-4668-BE54-9A1E7A4F7556}") = "Rubberduck.Server.Telemetry", "Server\Telemetry\Rubberduck.Telemetry\Rubberduck.Server.Telemetry.csproj", "{B8425C03-FC4A-4D2A-B1E4-404836463148}"
EndProject
Project("{9A19103F-16F7-4668-BE54-9A1E7A4F7556}") = "Rubberduck.Updater", "Server\Updater\Rubberduck.Updater\Rubberduck.Updater.csproj", "{0C0F4847-2286-4B23-A862-DD564FE72D2A}"
EndProject
Project("{9A19103F-16F7-4668-BE54-9A1E7A4F7556}") = "Rubberduck.Core", "Client\Rubberduck.Core\Rubberduck.Core.csproj", "{D8890806-CFCC-4496-9C18-D0E15D52DCC1}"
EndProject
Project("{9A19103F-16F7-4668-BE54-9A1E7A4F7556}") = "Rubberduck.Main", "Client\Rubberduck.Main\Rubberduck.Main.csproj", "{AE232E2F-795B-45E6-941E-EC12DBFD6C15}"
EndProject
Project("{9A19103F-16F7-4668-BE54-9A1E7A4F7556}") = "Rubberduck.InternalApi", "Shared\Rubberduck.InternalApi\Rubberduck.InternalApi.csproj", "{9A87B19D-65DA-4CE6-81AA-818E3D4DBF23}"
EndProject
Project("{9A19103F-16F7-4668-BE54-9A1E7A4F7556}") = "Rubberduck.SettingsProvider", "Shared\Rubberduck.SettingsProvider\Rubberduck.SettingsProvider.csproj", "{48C62C27-B8C4-4C97-9A3D-DDB32CC36CD7}"
EndProject
Project("{9A19103F-16F7-4668-BE54-9A1E7A4F7556}") = "Rubberduck.UI", "Shared\Rubberduck.UI\Rubberduck.UI.csproj", "{D8A7BB2A-281C-4511-815E-2970112E1F53}"
EndProject
Project("{9A19103F-16F7-4668-BE54-9A1E7A4F7556}") = "Rubberduck.Interaction", "Shared\Rubberduck.Interaction\Rubberduck.Interaction.csproj", "{5E5AFBBF-1E2A-4F2F-99EC-4ADDBC0563AB}"
EndProject
Project("{9A19103F-16F7-4668-BE54-9A1E7A4F7556}") = "Rubberduck.Resources", "Shared\Rubberduck.Resources\Rubberduck.Resources.csproj", "{1D5C4D6A-B105-44E5-B4E1-EF75C3596083}"
EndProject
Project("{9A19103F-16F7-4668-BE54-9A1E7A4F7556}") = "Rubberduck.CodeAnalysis", "Server\LSP\Rubberduck\Rubberduck.CodeAnalysis\Rubberduck.CodeAnalysis.csproj", "{2A2AD894-2D47-43A2-B19F-62E42E6382F8}"
EndProject
Project("{9A19103F-16F7-4668-BE54-9A1E7A4F7556}") = "Rubberduck.Client", "Client\Rubberduck.Client\Rubberduck.Client.csproj", "{BB825E1A-9FFF-4C21-B958-9C0F0CD0B908}"
EndProject
Project("{9A19103F-16F7-4668-BE54-9A1E7A4F7556}") = "Rubberduck.Server.Database", "Server\Database\Rubberduck.Server.Database\Rubberduck.Server.Database.csproj", "{80B4893C-5A77-4BF5-936C-E25BED30AF2F}"
EndProject
Project("{9A19103F-16F7-4668-BE54-9A1E7A4F7556}") = "Rubberduck.UI.Xaml", "Client\Rubberduck.UI.Xaml\Rubberduck.UI.Xaml.csproj", "{EB731F03-00EC-4004-A110-338DDA0B5B28}"
EndProject
Project("{9A19103F-16F7-4668-BE54-9A1E7A4F7556}") = "Rubberduck.VBEditor", "Client\Rubberduck.VBEditor\Rubberduck.VBEditor.csproj", "{28294885-79F6-47C6-95D9-6C23D245EE6F}"
EndProject
Project("{9A19103F-16F7-4668-BE54-9A1E7A4F7556}") = "Rubberduck.VBEditor.VBA", "Client\Rubberduck.VBEditor.VBA\Rubberduck.VBEditor.VBA.csproj", "{209CCA98-C1FB-4BEE-9F3B-2D1B4B00E2F2}"
EndProject
Project("{9A19103F-16F7-4668-BE54-9A1E7A4F7556}") = "Rubberduck.VBEditor.VB6", "Client\Rubberduck.VBEditor.VB6\Rubberduck.VBEditor.VB6.csproj", "{9F8EC9A0-04C0-46C4-BB28-EE99080C270D}"
EndProject
Global
	GlobalSection(SolutionConfigurationPlatforms) = preSolution
		Debug|Any CPU = Debug|Any CPU
		Debug|x64 = Debug|x64
		Debug|x86 = Debug|x86
		Release|Any CPU = Release|Any CPU
		Release|x64 = Release|x64
		Release|x86 = Release|x86
	EndGlobalSection
	GlobalSection(ProjectConfigurationPlatforms) = postSolution
		{A1F54935-FE6D-4013-B618-5251DE4466CF}.Debug|Any CPU.ActiveCfg = Debug|Any CPU
		{A1F54935-FE6D-4013-B618-5251DE4466CF}.Debug|Any CPU.Build.0 = Debug|Any CPU
		{A1F54935-FE6D-4013-B618-5251DE4466CF}.Debug|x64.ActiveCfg = Debug|x64
		{A1F54935-FE6D-4013-B618-5251DE4466CF}.Debug|x64.Build.0 = Debug|x64
		{A1F54935-FE6D-4013-B618-5251DE4466CF}.Debug|x86.ActiveCfg = Debug|x86
		{A1F54935-FE6D-4013-B618-5251DE4466CF}.Debug|x86.Build.0 = Debug|x86
		{A1F54935-FE6D-4013-B618-5251DE4466CF}.Release|Any CPU.ActiveCfg = Release|Any CPU
		{A1F54935-FE6D-4013-B618-5251DE4466CF}.Release|Any CPU.Build.0 = Release|Any CPU
		{A1F54935-FE6D-4013-B618-5251DE4466CF}.Release|x64.ActiveCfg = Release|x64
		{A1F54935-FE6D-4013-B618-5251DE4466CF}.Release|x64.Build.0 = Release|x64
		{A1F54935-FE6D-4013-B618-5251DE4466CF}.Release|x86.ActiveCfg = Release|x86
		{A1F54935-FE6D-4013-B618-5251DE4466CF}.Release|x86.Build.0 = Release|x86
		{86502725-A9D2-47A8-B26A-5E7BC8A85D47}.Debug|Any CPU.ActiveCfg = Debug|Any CPU
		{86502725-A9D2-47A8-B26A-5E7BC8A85D47}.Debug|Any CPU.Build.0 = Debug|Any CPU
		{86502725-A9D2-47A8-B26A-5E7BC8A85D47}.Debug|x64.ActiveCfg = Debug|Any CPU
		{86502725-A9D2-47A8-B26A-5E7BC8A85D47}.Debug|x64.Build.0 = Debug|Any CPU
		{86502725-A9D2-47A8-B26A-5E7BC8A85D47}.Debug|x86.ActiveCfg = Debug|Any CPU
		{86502725-A9D2-47A8-B26A-5E7BC8A85D47}.Debug|x86.Build.0 = Debug|Any CPU
		{86502725-A9D2-47A8-B26A-5E7BC8A85D47}.Release|Any CPU.ActiveCfg = Release|Any CPU
		{86502725-A9D2-47A8-B26A-5E7BC8A85D47}.Release|Any CPU.Build.0 = Release|Any CPU
		{86502725-A9D2-47A8-B26A-5E7BC8A85D47}.Release|x64.ActiveCfg = Release|Any CPU
		{86502725-A9D2-47A8-B26A-5E7BC8A85D47}.Release|x64.Build.0 = Release|Any CPU
		{86502725-A9D2-47A8-B26A-5E7BC8A85D47}.Release|x86.ActiveCfg = Release|Any CPU
		{86502725-A9D2-47A8-B26A-5E7BC8A85D47}.Release|x86.Build.0 = Release|Any CPU
		{8D218701-AF68-4013-B9C0-108C1D162E11}.Debug|Any CPU.ActiveCfg = Debug|Any CPU
		{8D218701-AF68-4013-B9C0-108C1D162E11}.Debug|Any CPU.Build.0 = Debug|Any CPU
		{8D218701-AF68-4013-B9C0-108C1D162E11}.Debug|x64.ActiveCfg = Debug|Any CPU
		{8D218701-AF68-4013-B9C0-108C1D162E11}.Debug|x64.Build.0 = Debug|Any CPU
		{8D218701-AF68-4013-B9C0-108C1D162E11}.Debug|x86.ActiveCfg = Debug|Any CPU
		{8D218701-AF68-4013-B9C0-108C1D162E11}.Debug|x86.Build.0 = Debug|Any CPU
		{8D218701-AF68-4013-B9C0-108C1D162E11}.Release|Any CPU.ActiveCfg = Release|Any CPU
		{8D218701-AF68-4013-B9C0-108C1D162E11}.Release|Any CPU.Build.0 = Release|Any CPU
		{8D218701-AF68-4013-B9C0-108C1D162E11}.Release|x64.ActiveCfg = Release|Any CPU
		{8D218701-AF68-4013-B9C0-108C1D162E11}.Release|x64.Build.0 = Release|Any CPU
		{8D218701-AF68-4013-B9C0-108C1D162E11}.Release|x86.ActiveCfg = Release|Any CPU
		{8D218701-AF68-4013-B9C0-108C1D162E11}.Release|x86.Build.0 = Release|Any CPU
		{A86A4265-CD91-465B-846D-5B44A441BB18}.Debug|Any CPU.ActiveCfg = Debug|Any CPU
		{A86A4265-CD91-465B-846D-5B44A441BB18}.Debug|Any CPU.Build.0 = Debug|Any CPU
		{A86A4265-CD91-465B-846D-5B44A441BB18}.Debug|x64.ActiveCfg = Debug|Any CPU
		{A86A4265-CD91-465B-846D-5B44A441BB18}.Debug|x64.Build.0 = Debug|Any CPU
		{A86A4265-CD91-465B-846D-5B44A441BB18}.Debug|x86.ActiveCfg = Debug|Any CPU
		{A86A4265-CD91-465B-846D-5B44A441BB18}.Debug|x86.Build.0 = Debug|Any CPU
		{A86A4265-CD91-465B-846D-5B44A441BB18}.Release|Any CPU.ActiveCfg = Release|Any CPU
		{A86A4265-CD91-465B-846D-5B44A441BB18}.Release|Any CPU.Build.0 = Release|Any CPU
		{A86A4265-CD91-465B-846D-5B44A441BB18}.Release|x64.ActiveCfg = Release|Any CPU
		{A86A4265-CD91-465B-846D-5B44A441BB18}.Release|x64.Build.0 = Release|Any CPU
		{A86A4265-CD91-465B-846D-5B44A441BB18}.Release|x86.ActiveCfg = Release|Any CPU
		{A86A4265-CD91-465B-846D-5B44A441BB18}.Release|x86.Build.0 = Release|Any CPU
		{A24C9D7D-77F9-4FB8-BCFF-EB484A1515D9}.Debug|Any CPU.ActiveCfg = Debug|Any CPU
		{A24C9D7D-77F9-4FB8-BCFF-EB484A1515D9}.Debug|Any CPU.Build.0 = Debug|Any CPU
		{A24C9D7D-77F9-4FB8-BCFF-EB484A1515D9}.Debug|x64.ActiveCfg = Debug|Any CPU
		{A24C9D7D-77F9-4FB8-BCFF-EB484A1515D9}.Debug|x64.Build.0 = Debug|Any CPU
		{A24C9D7D-77F9-4FB8-BCFF-EB484A1515D9}.Debug|x86.ActiveCfg = Debug|Any CPU
		{A24C9D7D-77F9-4FB8-BCFF-EB484A1515D9}.Debug|x86.Build.0 = Debug|Any CPU
		{A24C9D7D-77F9-4FB8-BCFF-EB484A1515D9}.Release|Any CPU.ActiveCfg = Release|Any CPU
		{A24C9D7D-77F9-4FB8-BCFF-EB484A1515D9}.Release|Any CPU.Build.0 = Release|Any CPU
		{A24C9D7D-77F9-4FB8-BCFF-EB484A1515D9}.Release|x64.ActiveCfg = Release|Any CPU
		{A24C9D7D-77F9-4FB8-BCFF-EB484A1515D9}.Release|x64.Build.0 = Release|Any CPU
		{A24C9D7D-77F9-4FB8-BCFF-EB484A1515D9}.Release|x86.ActiveCfg = Release|Any CPU
		{A24C9D7D-77F9-4FB8-BCFF-EB484A1515D9}.Release|x86.Build.0 = Release|Any CPU
		{B8425C03-FC4A-4D2A-B1E4-404836463148}.Debug|Any CPU.ActiveCfg = Debug|Any CPU
		{B8425C03-FC4A-4D2A-B1E4-404836463148}.Debug|Any CPU.Build.0 = Debug|Any CPU
		{B8425C03-FC4A-4D2A-B1E4-404836463148}.Debug|x64.ActiveCfg = Debug|Any CPU
		{B8425C03-FC4A-4D2A-B1E4-404836463148}.Debug|x64.Build.0 = Debug|Any CPU
		{B8425C03-FC4A-4D2A-B1E4-404836463148}.Debug|x86.ActiveCfg = Debug|Any CPU
		{B8425C03-FC4A-4D2A-B1E4-404836463148}.Debug|x86.Build.0 = Debug|Any CPU
		{B8425C03-FC4A-4D2A-B1E4-404836463148}.Release|Any CPU.ActiveCfg = Release|Any CPU
		{B8425C03-FC4A-4D2A-B1E4-404836463148}.Release|Any CPU.Build.0 = Release|Any CPU
		{B8425C03-FC4A-4D2A-B1E4-404836463148}.Release|x64.ActiveCfg = Release|Any CPU
		{B8425C03-FC4A-4D2A-B1E4-404836463148}.Release|x64.Build.0 = Release|Any CPU
		{B8425C03-FC4A-4D2A-B1E4-404836463148}.Release|x86.ActiveCfg = Release|Any CPU
		{B8425C03-FC4A-4D2A-B1E4-404836463148}.Release|x86.Build.0 = Release|Any CPU
		{0C0F4847-2286-4B23-A862-DD564FE72D2A}.Debug|Any CPU.ActiveCfg = Debug|Any CPU
		{0C0F4847-2286-4B23-A862-DD564FE72D2A}.Debug|Any CPU.Build.0 = Debug|Any CPU
		{0C0F4847-2286-4B23-A862-DD564FE72D2A}.Debug|x64.ActiveCfg = Debug|Any CPU
		{0C0F4847-2286-4B23-A862-DD564FE72D2A}.Debug|x64.Build.0 = Debug|Any CPU
		{0C0F4847-2286-4B23-A862-DD564FE72D2A}.Debug|x86.ActiveCfg = Debug|Any CPU
		{0C0F4847-2286-4B23-A862-DD564FE72D2A}.Debug|x86.Build.0 = Debug|Any CPU
		{0C0F4847-2286-4B23-A862-DD564FE72D2A}.Release|Any CPU.ActiveCfg = Release|Any CPU
		{0C0F4847-2286-4B23-A862-DD564FE72D2A}.Release|Any CPU.Build.0 = Release|Any CPU
		{0C0F4847-2286-4B23-A862-DD564FE72D2A}.Release|x64.ActiveCfg = Release|Any CPU
		{0C0F4847-2286-4B23-A862-DD564FE72D2A}.Release|x64.Build.0 = Release|Any CPU
		{0C0F4847-2286-4B23-A862-DD564FE72D2A}.Release|x86.ActiveCfg = Release|Any CPU
		{0C0F4847-2286-4B23-A862-DD564FE72D2A}.Release|x86.Build.0 = Release|Any CPU
		{D8890806-CFCC-4496-9C18-D0E15D52DCC1}.Debug|Any CPU.ActiveCfg = Debug|Any CPU
		{D8890806-CFCC-4496-9C18-D0E15D52DCC1}.Debug|Any CPU.Build.0 = Debug|Any CPU
		{D8890806-CFCC-4496-9C18-D0E15D52DCC1}.Debug|x64.ActiveCfg = Debug|Any CPU
		{D8890806-CFCC-4496-9C18-D0E15D52DCC1}.Debug|x64.Build.0 = Debug|Any CPU
		{D8890806-CFCC-4496-9C18-D0E15D52DCC1}.Debug|x86.ActiveCfg = Debug|Any CPU
		{D8890806-CFCC-4496-9C18-D0E15D52DCC1}.Debug|x86.Build.0 = Debug|Any CPU
		{D8890806-CFCC-4496-9C18-D0E15D52DCC1}.Release|Any CPU.ActiveCfg = Release|Any CPU
		{D8890806-CFCC-4496-9C18-D0E15D52DCC1}.Release|Any CPU.Build.0 = Release|Any CPU
		{D8890806-CFCC-4496-9C18-D0E15D52DCC1}.Release|x64.ActiveCfg = Release|Any CPU
		{D8890806-CFCC-4496-9C18-D0E15D52DCC1}.Release|x64.Build.0 = Release|Any CPU
		{D8890806-CFCC-4496-9C18-D0E15D52DCC1}.Release|x86.ActiveCfg = Release|Any CPU
		{D8890806-CFCC-4496-9C18-D0E15D52DCC1}.Release|x86.Build.0 = Release|Any CPU
		{AE232E2F-795B-45E6-941E-EC12DBFD6C15}.Debug|Any CPU.ActiveCfg = Debug|Any CPU
		{AE232E2F-795B-45E6-941E-EC12DBFD6C15}.Debug|Any CPU.Build.0 = Debug|Any CPU
		{AE232E2F-795B-45E6-941E-EC12DBFD6C15}.Debug|x64.ActiveCfg = Debug|Any CPU
		{AE232E2F-795B-45E6-941E-EC12DBFD6C15}.Debug|x64.Build.0 = Debug|Any CPU
		{AE232E2F-795B-45E6-941E-EC12DBFD6C15}.Debug|x86.ActiveCfg = Debug|Any CPU
		{AE232E2F-795B-45E6-941E-EC12DBFD6C15}.Debug|x86.Build.0 = Debug|Any CPU
		{AE232E2F-795B-45E6-941E-EC12DBFD6C15}.Release|Any CPU.ActiveCfg = Release|Any CPU
		{AE232E2F-795B-45E6-941E-EC12DBFD6C15}.Release|Any CPU.Build.0 = Release|Any CPU
		{AE232E2F-795B-45E6-941E-EC12DBFD6C15}.Release|x64.ActiveCfg = Release|Any CPU
		{AE232E2F-795B-45E6-941E-EC12DBFD6C15}.Release|x64.Build.0 = Release|Any CPU
		{AE232E2F-795B-45E6-941E-EC12DBFD6C15}.Release|x86.ActiveCfg = Release|Any CPU
		{AE232E2F-795B-45E6-941E-EC12DBFD6C15}.Release|x86.Build.0 = Release|Any CPU
		{9A87B19D-65DA-4CE6-81AA-818E3D4DBF23}.Debug|Any CPU.ActiveCfg = Debug|Any CPU
		{9A87B19D-65DA-4CE6-81AA-818E3D4DBF23}.Debug|Any CPU.Build.0 = Debug|Any CPU
		{9A87B19D-65DA-4CE6-81AA-818E3D4DBF23}.Debug|x64.ActiveCfg = Debug|Any CPU
		{9A87B19D-65DA-4CE6-81AA-818E3D4DBF23}.Debug|x64.Build.0 = Debug|Any CPU
		{9A87B19D-65DA-4CE6-81AA-818E3D4DBF23}.Debug|x86.ActiveCfg = Debug|Any CPU
		{9A87B19D-65DA-4CE6-81AA-818E3D4DBF23}.Debug|x86.Build.0 = Debug|Any CPU
		{9A87B19D-65DA-4CE6-81AA-818E3D4DBF23}.Release|Any CPU.ActiveCfg = Release|Any CPU
		{9A87B19D-65DA-4CE6-81AA-818E3D4DBF23}.Release|Any CPU.Build.0 = Release|Any CPU
		{9A87B19D-65DA-4CE6-81AA-818E3D4DBF23}.Release|x64.ActiveCfg = Release|Any CPU
		{9A87B19D-65DA-4CE6-81AA-818E3D4DBF23}.Release|x64.Build.0 = Release|Any CPU
		{9A87B19D-65DA-4CE6-81AA-818E3D4DBF23}.Release|x86.ActiveCfg = Release|Any CPU
		{9A87B19D-65DA-4CE6-81AA-818E3D4DBF23}.Release|x86.Build.0 = Release|Any CPU
		{48C62C27-B8C4-4C97-9A3D-DDB32CC36CD7}.Debug|Any CPU.ActiveCfg = Debug|Any CPU
		{48C62C27-B8C4-4C97-9A3D-DDB32CC36CD7}.Debug|Any CPU.Build.0 = Debug|Any CPU
		{48C62C27-B8C4-4C97-9A3D-DDB32CC36CD7}.Debug|x64.ActiveCfg = Debug|Any CPU
		{48C62C27-B8C4-4C97-9A3D-DDB32CC36CD7}.Debug|x64.Build.0 = Debug|Any CPU
		{48C62C27-B8C4-4C97-9A3D-DDB32CC36CD7}.Debug|x86.ActiveCfg = Debug|Any CPU
		{48C62C27-B8C4-4C97-9A3D-DDB32CC36CD7}.Debug|x86.Build.0 = Debug|Any CPU
		{48C62C27-B8C4-4C97-9A3D-DDB32CC36CD7}.Release|Any CPU.ActiveCfg = Release|Any CPU
		{48C62C27-B8C4-4C97-9A3D-DDB32CC36CD7}.Release|Any CPU.Build.0 = Release|Any CPU
		{48C62C27-B8C4-4C97-9A3D-DDB32CC36CD7}.Release|x64.ActiveCfg = Release|Any CPU
		{48C62C27-B8C4-4C97-9A3D-DDB32CC36CD7}.Release|x64.Build.0 = Release|Any CPU
		{48C62C27-B8C4-4C97-9A3D-DDB32CC36CD7}.Release|x86.ActiveCfg = Release|Any CPU
		{48C62C27-B8C4-4C97-9A3D-DDB32CC36CD7}.Release|x86.Build.0 = Release|Any CPU
		{D8A7BB2A-281C-4511-815E-2970112E1F53}.Debug|Any CPU.ActiveCfg = Debug|Any CPU
		{D8A7BB2A-281C-4511-815E-2970112E1F53}.Debug|Any CPU.Build.0 = Debug|Any CPU
		{D8A7BB2A-281C-4511-815E-2970112E1F53}.Debug|x64.ActiveCfg = Debug|Any CPU
		{D8A7BB2A-281C-4511-815E-2970112E1F53}.Debug|x64.Build.0 = Debug|Any CPU
		{D8A7BB2A-281C-4511-815E-2970112E1F53}.Debug|x86.ActiveCfg = Debug|Any CPU
		{D8A7BB2A-281C-4511-815E-2970112E1F53}.Debug|x86.Build.0 = Debug|Any CPU
		{D8A7BB2A-281C-4511-815E-2970112E1F53}.Release|Any CPU.ActiveCfg = Release|Any CPU
		{D8A7BB2A-281C-4511-815E-2970112E1F53}.Release|Any CPU.Build.0 = Release|Any CPU
		{D8A7BB2A-281C-4511-815E-2970112E1F53}.Release|x64.ActiveCfg = Release|Any CPU
		{D8A7BB2A-281C-4511-815E-2970112E1F53}.Release|x64.Build.0 = Release|Any CPU
		{D8A7BB2A-281C-4511-815E-2970112E1F53}.Release|x86.ActiveCfg = Release|Any CPU
		{D8A7BB2A-281C-4511-815E-2970112E1F53}.Release|x86.Build.0 = Release|Any CPU
		{5E5AFBBF-1E2A-4F2F-99EC-4ADDBC0563AB}.Debug|Any CPU.ActiveCfg = Debug|Any CPU
		{5E5AFBBF-1E2A-4F2F-99EC-4ADDBC0563AB}.Debug|Any CPU.Build.0 = Debug|Any CPU
		{5E5AFBBF-1E2A-4F2F-99EC-4ADDBC0563AB}.Debug|x64.ActiveCfg = Debug|Any CPU
		{5E5AFBBF-1E2A-4F2F-99EC-4ADDBC0563AB}.Debug|x64.Build.0 = Debug|Any CPU
		{5E5AFBBF-1E2A-4F2F-99EC-4ADDBC0563AB}.Debug|x86.ActiveCfg = Debug|Any CPU
		{5E5AFBBF-1E2A-4F2F-99EC-4ADDBC0563AB}.Debug|x86.Build.0 = Debug|Any CPU
		{5E5AFBBF-1E2A-4F2F-99EC-4ADDBC0563AB}.Release|Any CPU.ActiveCfg = Release|Any CPU
		{5E5AFBBF-1E2A-4F2F-99EC-4ADDBC0563AB}.Release|Any CPU.Build.0 = Release|Any CPU
		{5E5AFBBF-1E2A-4F2F-99EC-4ADDBC0563AB}.Release|x64.ActiveCfg = Release|Any CPU
		{5E5AFBBF-1E2A-4F2F-99EC-4ADDBC0563AB}.Release|x64.Build.0 = Release|Any CPU
		{5E5AFBBF-1E2A-4F2F-99EC-4ADDBC0563AB}.Release|x86.ActiveCfg = Release|Any CPU
		{5E5AFBBF-1E2A-4F2F-99EC-4ADDBC0563AB}.Release|x86.Build.0 = Release|Any CPU
		{1D5C4D6A-B105-44E5-B4E1-EF75C3596083}.Debug|Any CPU.ActiveCfg = Debug|Any CPU
		{1D5C4D6A-B105-44E5-B4E1-EF75C3596083}.Debug|Any CPU.Build.0 = Debug|Any CPU
		{1D5C4D6A-B105-44E5-B4E1-EF75C3596083}.Debug|x64.ActiveCfg = Debug|Any CPU
		{1D5C4D6A-B105-44E5-B4E1-EF75C3596083}.Debug|x64.Build.0 = Debug|Any CPU
		{1D5C4D6A-B105-44E5-B4E1-EF75C3596083}.Debug|x86.ActiveCfg = Debug|Any CPU
		{1D5C4D6A-B105-44E5-B4E1-EF75C3596083}.Debug|x86.Build.0 = Debug|Any CPU
		{1D5C4D6A-B105-44E5-B4E1-EF75C3596083}.Release|Any CPU.ActiveCfg = Release|Any CPU
		{1D5C4D6A-B105-44E5-B4E1-EF75C3596083}.Release|Any CPU.Build.0 = Release|Any CPU
		{1D5C4D6A-B105-44E5-B4E1-EF75C3596083}.Release|x64.ActiveCfg = Release|Any CPU
		{1D5C4D6A-B105-44E5-B4E1-EF75C3596083}.Release|x64.Build.0 = Release|Any CPU
		{1D5C4D6A-B105-44E5-B4E1-EF75C3596083}.Release|x86.ActiveCfg = Release|Any CPU
		{1D5C4D6A-B105-44E5-B4E1-EF75C3596083}.Release|x86.Build.0 = Release|Any CPU
		{2A2AD894-2D47-43A2-B19F-62E42E6382F8}.Debug|Any CPU.ActiveCfg = Debug|Any CPU
		{2A2AD894-2D47-43A2-B19F-62E42E6382F8}.Debug|Any CPU.Build.0 = Debug|Any CPU
		{2A2AD894-2D47-43A2-B19F-62E42E6382F8}.Debug|x64.ActiveCfg = Debug|Any CPU
		{2A2AD894-2D47-43A2-B19F-62E42E6382F8}.Debug|x64.Build.0 = Debug|Any CPU
		{2A2AD894-2D47-43A2-B19F-62E42E6382F8}.Debug|x86.ActiveCfg = Debug|Any CPU
		{2A2AD894-2D47-43A2-B19F-62E42E6382F8}.Debug|x86.Build.0 = Debug|Any CPU
		{2A2AD894-2D47-43A2-B19F-62E42E6382F8}.Release|Any CPU.ActiveCfg = Release|Any CPU
		{2A2AD894-2D47-43A2-B19F-62E42E6382F8}.Release|Any CPU.Build.0 = Release|Any CPU
		{2A2AD894-2D47-43A2-B19F-62E42E6382F8}.Release|x64.ActiveCfg = Release|Any CPU
		{2A2AD894-2D47-43A2-B19F-62E42E6382F8}.Release|x64.Build.0 = Release|Any CPU
		{2A2AD894-2D47-43A2-B19F-62E42E6382F8}.Release|x86.ActiveCfg = Release|Any CPU
		{2A2AD894-2D47-43A2-B19F-62E42E6382F8}.Release|x86.Build.0 = Release|Any CPU
		{BB825E1A-9FFF-4C21-B958-9C0F0CD0B908}.Debug|Any CPU.ActiveCfg = Debug|Any CPU
		{BB825E1A-9FFF-4C21-B958-9C0F0CD0B908}.Debug|Any CPU.Build.0 = Debug|Any CPU
		{BB825E1A-9FFF-4C21-B958-9C0F0CD0B908}.Debug|x64.ActiveCfg = Debug|Any CPU
		{BB825E1A-9FFF-4C21-B958-9C0F0CD0B908}.Debug|x64.Build.0 = Debug|Any CPU
		{BB825E1A-9FFF-4C21-B958-9C0F0CD0B908}.Debug|x86.ActiveCfg = Debug|Any CPU
		{BB825E1A-9FFF-4C21-B958-9C0F0CD0B908}.Debug|x86.Build.0 = Debug|Any CPU
		{BB825E1A-9FFF-4C21-B958-9C0F0CD0B908}.Release|Any CPU.ActiveCfg = Release|Any CPU
		{BB825E1A-9FFF-4C21-B958-9C0F0CD0B908}.Release|Any CPU.Build.0 = Release|Any CPU
		{BB825E1A-9FFF-4C21-B958-9C0F0CD0B908}.Release|x64.ActiveCfg = Release|Any CPU
		{BB825E1A-9FFF-4C21-B958-9C0F0CD0B908}.Release|x64.Build.0 = Release|Any CPU
		{BB825E1A-9FFF-4C21-B958-9C0F0CD0B908}.Release|x86.ActiveCfg = Release|Any CPU
		{BB825E1A-9FFF-4C21-B958-9C0F0CD0B908}.Release|x86.Build.0 = Release|Any CPU
		{80B4893C-5A77-4BF5-936C-E25BED30AF2F}.Debug|Any CPU.ActiveCfg = Debug|Any CPU
		{80B4893C-5A77-4BF5-936C-E25BED30AF2F}.Debug|Any CPU.Build.0 = Debug|Any CPU
		{80B4893C-5A77-4BF5-936C-E25BED30AF2F}.Debug|x64.ActiveCfg = Debug|Any CPU
		{80B4893C-5A77-4BF5-936C-E25BED30AF2F}.Debug|x64.Build.0 = Debug|Any CPU
		{80B4893C-5A77-4BF5-936C-E25BED30AF2F}.Debug|x86.ActiveCfg = Debug|Any CPU
		{80B4893C-5A77-4BF5-936C-E25BED30AF2F}.Debug|x86.Build.0 = Debug|Any CPU
		{80B4893C-5A77-4BF5-936C-E25BED30AF2F}.Release|Any CPU.ActiveCfg = Release|Any CPU
		{80B4893C-5A77-4BF5-936C-E25BED30AF2F}.Release|Any CPU.Build.0 = Release|Any CPU
		{80B4893C-5A77-4BF5-936C-E25BED30AF2F}.Release|x64.ActiveCfg = Release|Any CPU
		{80B4893C-5A77-4BF5-936C-E25BED30AF2F}.Release|x64.Build.0 = Release|Any CPU
		{80B4893C-5A77-4BF5-936C-E25BED30AF2F}.Release|x86.ActiveCfg = Release|Any CPU
		{80B4893C-5A77-4BF5-936C-E25BED30AF2F}.Release|x86.Build.0 = Release|Any CPU
		{EB731F03-00EC-4004-A110-338DDA0B5B28}.Debug|Any CPU.ActiveCfg = Debug|Any CPU
		{EB731F03-00EC-4004-A110-338DDA0B5B28}.Debug|Any CPU.Build.0 = Debug|Any CPU
		{EB731F03-00EC-4004-A110-338DDA0B5B28}.Debug|x64.ActiveCfg = Debug|Any CPU
		{EB731F03-00EC-4004-A110-338DDA0B5B28}.Debug|x64.Build.0 = Debug|Any CPU
		{EB731F03-00EC-4004-A110-338DDA0B5B28}.Debug|x86.ActiveCfg = Debug|Any CPU
		{EB731F03-00EC-4004-A110-338DDA0B5B28}.Debug|x86.Build.0 = Debug|Any CPU
		{EB731F03-00EC-4004-A110-338DDA0B5B28}.Release|Any CPU.ActiveCfg = Release|Any CPU
		{EB731F03-00EC-4004-A110-338DDA0B5B28}.Release|Any CPU.Build.0 = Release|Any CPU
		{EB731F03-00EC-4004-A110-338DDA0B5B28}.Release|x64.ActiveCfg = Release|Any CPU
		{EB731F03-00EC-4004-A110-338DDA0B5B28}.Release|x64.Build.0 = Release|Any CPU
		{EB731F03-00EC-4004-A110-338DDA0B5B28}.Release|x86.ActiveCfg = Release|Any CPU
		{EB731F03-00EC-4004-A110-338DDA0B5B28}.Release|x86.Build.0 = Release|Any CPU
		{28294885-79F6-47C6-95D9-6C23D245EE6F}.Debug|Any CPU.ActiveCfg = Debug|Any CPU
		{28294885-79F6-47C6-95D9-6C23D245EE6F}.Debug|Any CPU.Build.0 = Debug|Any CPU
		{28294885-79F6-47C6-95D9-6C23D245EE6F}.Debug|x64.ActiveCfg = Debug|Any CPU
		{28294885-79F6-47C6-95D9-6C23D245EE6F}.Debug|x64.Build.0 = Debug|Any CPU
		{28294885-79F6-47C6-95D9-6C23D245EE6F}.Debug|x86.ActiveCfg = Debug|Any CPU
		{28294885-79F6-47C6-95D9-6C23D245EE6F}.Debug|x86.Build.0 = Debug|Any CPU
		{28294885-79F6-47C6-95D9-6C23D245EE6F}.Release|Any CPU.ActiveCfg = Release|Any CPU
		{28294885-79F6-47C6-95D9-6C23D245EE6F}.Release|Any CPU.Build.0 = Release|Any CPU
		{28294885-79F6-47C6-95D9-6C23D245EE6F}.Release|x64.ActiveCfg = Release|Any CPU
		{28294885-79F6-47C6-95D9-6C23D245EE6F}.Release|x64.Build.0 = Release|Any CPU
		{28294885-79F6-47C6-95D9-6C23D245EE6F}.Release|x86.ActiveCfg = Release|Any CPU
		{28294885-79F6-47C6-95D9-6C23D245EE6F}.Release|x86.Build.0 = Release|Any CPU
		{209CCA98-C1FB-4BEE-9F3B-2D1B4B00E2F2}.Debug|Any CPU.ActiveCfg = Debug|Any CPU
		{209CCA98-C1FB-4BEE-9F3B-2D1B4B00E2F2}.Debug|Any CPU.Build.0 = Debug|Any CPU
		{209CCA98-C1FB-4BEE-9F3B-2D1B4B00E2F2}.Debug|x64.ActiveCfg = Debug|Any CPU
		{209CCA98-C1FB-4BEE-9F3B-2D1B4B00E2F2}.Debug|x64.Build.0 = Debug|Any CPU
		{209CCA98-C1FB-4BEE-9F3B-2D1B4B00E2F2}.Debug|x86.ActiveCfg = Debug|Any CPU
		{209CCA98-C1FB-4BEE-9F3B-2D1B4B00E2F2}.Debug|x86.Build.0 = Debug|Any CPU
		{209CCA98-C1FB-4BEE-9F3B-2D1B4B00E2F2}.Release|Any CPU.ActiveCfg = Release|Any CPU
		{209CCA98-C1FB-4BEE-9F3B-2D1B4B00E2F2}.Release|Any CPU.Build.0 = Release|Any CPU
		{209CCA98-C1FB-4BEE-9F3B-2D1B4B00E2F2}.Release|x64.ActiveCfg = Release|Any CPU
		{209CCA98-C1FB-4BEE-9F3B-2D1B4B00E2F2}.Release|x64.Build.0 = Release|Any CPU
		{209CCA98-C1FB-4BEE-9F3B-2D1B4B00E2F2}.Release|x86.ActiveCfg = Release|Any CPU
		{209CCA98-C1FB-4BEE-9F3B-2D1B4B00E2F2}.Release|x86.Build.0 = Release|Any CPU
		{9F8EC9A0-04C0-46C4-BB28-EE99080C270D}.Debug|Any CPU.ActiveCfg = Debug|Any CPU
		{9F8EC9A0-04C0-46C4-BB28-EE99080C270D}.Debug|Any CPU.Build.0 = Debug|Any CPU
		{9F8EC9A0-04C0-46C4-BB28-EE99080C270D}.Debug|x64.ActiveCfg = Debug|Any CPU
		{9F8EC9A0-04C0-46C4-BB28-EE99080C270D}.Debug|x64.Build.0 = Debug|Any CPU
		{9F8EC9A0-04C0-46C4-BB28-EE99080C270D}.Debug|x86.ActiveCfg = Debug|Any CPU
		{9F8EC9A0-04C0-46C4-BB28-EE99080C270D}.Debug|x86.Build.0 = Debug|Any CPU
		{9F8EC9A0-04C0-46C4-BB28-EE99080C270D}.Release|Any CPU.ActiveCfg = Release|Any CPU
		{9F8EC9A0-04C0-46C4-BB28-EE99080C270D}.Release|Any CPU.Build.0 = Release|Any CPU
		{9F8EC9A0-04C0-46C4-BB28-EE99080C270D}.Release|x64.ActiveCfg = Release|Any CPU
		{9F8EC9A0-04C0-46C4-BB28-EE99080C270D}.Release|x64.Build.0 = Release|Any CPU
		{9F8EC9A0-04C0-46C4-BB28-EE99080C270D}.Release|x86.ActiveCfg = Release|Any CPU
		{9F8EC9A0-04C0-46C4-BB28-EE99080C270D}.Release|x86.Build.0 = Release|Any CPU
	EndGlobalSection
	GlobalSection(SolutionProperties) = preSolution
		HideSolutionNode = FALSE
	EndGlobalSection
	GlobalSection(NestedProjects) = preSolution
		{125FBFDC-096B-4994-BB19-3DB7C87D320D} = {3CD71E77-0A37-4ACB-8651-2F874EA29AE2}
		{7064868F-67EB-4777-A08E-7C43FF5828E9} = {3CD71E77-0A37-4ACB-8651-2F874EA29AE2}
		{41000D34-5491-49DB-A8F9-F7C7AA695470} = {7064868F-67EB-4777-A08E-7C43FF5828E9}
		{27789F3B-130A-42C6-914A-0DEB65A02F7B} = {125FBFDC-096B-4994-BB19-3DB7C87D320D}
		{2179022F-A974-4F68-8EA5-406C8B7DDB8B} = {3CD71E77-0A37-4ACB-8651-2F874EA29AE2}
		{9DF5E94E-6F5F-4808-8DA3-698A34EFD021} = {3CD71E77-0A37-4ACB-8651-2F874EA29AE2}
		{A1F54935-FE6D-4013-B618-5251DE4466CF} = {C3F2A120-EFE1-4BF4-A4AE-EAF6882F8521}
		{86502725-A9D2-47A8-B26A-5E7BC8A85D47} = {27789F3B-130A-42C6-914A-0DEB65A02F7B}
		{8D218701-AF68-4013-B9C0-108C1D162E11} = {7522C02F-05D8-474B-B27D-CA5185FF717E}
		{A86A4265-CD91-465B-846D-5B44A441BB18} = {6F90DCB0-9F71-4152-BE43-454C8E0748CD}
		{A24C9D7D-77F9-4FB8-BCFF-EB484A1515D9} = {125FBFDC-096B-4994-BB19-3DB7C87D320D}
		{B8425C03-FC4A-4D2A-B1E4-404836463148} = {9DF5E94E-6F5F-4808-8DA3-698A34EFD021}
		{0C0F4847-2286-4B23-A862-DD564FE72D2A} = {2179022F-A974-4F68-8EA5-406C8B7DDB8B}
		{D8890806-CFCC-4496-9C18-D0E15D52DCC1} = {C3F2A120-EFE1-4BF4-A4AE-EAF6882F8521}
		{AE232E2F-795B-45E6-941E-EC12DBFD6C15} = {C3F2A120-EFE1-4BF4-A4AE-EAF6882F8521}
		{9A87B19D-65DA-4CE6-81AA-818E3D4DBF23} = {7522C02F-05D8-474B-B27D-CA5185FF717E}
		{48C62C27-B8C4-4C97-9A3D-DDB32CC36CD7} = {7522C02F-05D8-474B-B27D-CA5185FF717E}
		{D8A7BB2A-281C-4511-815E-2970112E1F53} = {7522C02F-05D8-474B-B27D-CA5185FF717E}
		{5E5AFBBF-1E2A-4F2F-99EC-4ADDBC0563AB} = {7522C02F-05D8-474B-B27D-CA5185FF717E}
		{1D5C4D6A-B105-44E5-B4E1-EF75C3596083} = {7522C02F-05D8-474B-B27D-CA5185FF717E}
		{2A2AD894-2D47-43A2-B19F-62E42E6382F8} = {27789F3B-130A-42C6-914A-0DEB65A02F7B}
		{BB825E1A-9FFF-4C21-B958-9C0F0CD0B908} = {C3F2A120-EFE1-4BF4-A4AE-EAF6882F8521}
		{80B4893C-5A77-4BF5-936C-E25BED30AF2F} = {7064868F-67EB-4777-A08E-7C43FF5828E9}
		{EB731F03-00EC-4004-A110-338DDA0B5B28} = {C3F2A120-EFE1-4BF4-A4AE-EAF6882F8521}
		{28294885-79F6-47C6-95D9-6C23D245EE6F} = {C3F2A120-EFE1-4BF4-A4AE-EAF6882F8521}
		{209CCA98-C1FB-4BEE-9F3B-2D1B4B00E2F2} = {C3F2A120-EFE1-4BF4-A4AE-EAF6882F8521}
		{9F8EC9A0-04C0-46C4-BB28-EE99080C270D} = {C3F2A120-EFE1-4BF4-A4AE-EAF6882F8521}
	EndGlobalSection
	GlobalSection(ExtensibilityGlobals) = postSolution
		SolutionGuid = {17B5E48B-DCFD-45F2-A672-3505C8225149}
	EndGlobalSection
EndGlobal
